# @generated - this file is auto-generated by `mise lock` https://mise.jdx.dev/dev-tools/mise-lock.html

lockfile_version = 1

[[tools.actionlint]]
version = "1.7.12"
backend = "aqua:rhysd/actionlint"
specifiers = ["latest"]

[tools.actionlint."platforms.linux-arm64"]
checksum = "sha256:325e971b6ba9bfa504672e29be93c24981eeb1c07576d730e9f7c8805afff0c6"
url = "https://github.com/rhysd/actionlint/releases/download/v1.7.12/actionlint_1.7.12_linux_arm64.tar.gz"
url_api = "https://api.github.com/repos/rhysd/actionlint/releases/assets/384924897"
provenance = "github-attestations"

[tools.actionlint."platforms.linux-arm64-musl"]
checksum = "sha256:325e971b6ba9bfa504672e29be93c24981eeb1c07576d730e9f7c8805afff0c6"
url = "https://github.com/rhysd/actionlint/releases/download/v1.7.12/actionlint_1.7.12_linux_arm64.tar.gz"
url_api = "https://api.github.com/repos/rhysd/actionlint/releases/assets/384924897"
provenance = "github-attestations"

[tools.actionlint."platforms.linux-x64"]
checksum = "sha256:8aca8db96f1b94770f1b0d72b6dddcb1ebb8123cb3712530b08cc387b349a3d8"
url = "https://github.com/rhysd/actionlint/releases/download/v1.7.12/actionlint_1.7.12_linux_amd64.tar.gz"
url_api = "https://api.github.com/repos/rhysd/actionlint/releases/assets/384924896"
provenance = "github-attestations"

[tools.actionlint."platforms.linux-x64-musl"]
checksum = "sha256:8aca8db96f1b94770f1b0d72b6dddcb1ebb8123cb3712530b08cc387b349a3d8"
url = "https://github.com/rhysd/actionlint/releases/download/v1.7.12/actionlint_1.7.12_linux_amd64.tar.gz"
url_api = "https://api.github.com/repos/rhysd/actionlint/releases/assets/384924896"
provenance = "github-attestations"

[tools.actionlint."platforms.macos-arm64"]
checksum = "sha256:aba9ced2dee8d27fecca3dc7feb1a7f9a52caefa1eb46f3271ea66b6e0e6953f"
url = "https://github.com/rhysd/actionlint/releases/download/v1.7.12/actionlint_1.7.12_darwin_arm64.tar.gz"
url_api = "https://api.github.com/repos/rhysd/actionlint/releases/assets/384924893"
provenance = "github-attestations"

[tools.actionlint."platforms.macos-x64"]
checksum = "sha256:5b44c3bc2255115c9b69e30efc0fecdf498fdb63c5d58e17084fd5f16324c644"
url = "https://github.com/rhysd/actionlint/releases/download/v1.7.12/actionlint_1.7.12_darwin_amd64.tar.gz"
url_api = "https://api.github.com/repos/rhysd/actionlint/releases/assets/384924880"
provenance = "github-attestations"

[tools.actionlint."platforms.windows-x64"]
checksum = "sha256:6e7241b51e6817ea6a047693d8e6fed13b31819c9a0dd6c5a726e1592d22f6e9"
url = "https://github.com/rhysd/actionlint/releases/download/v1.7.12/actionlint_1.7.12_windows_amd64.zip"
url_api = "https://api.github.com/repos/rhysd/actionlint/releases/assets/384924919"
provenance = "github-attestations"

[[tools."aqua:jdx/hk"]]
version = "1.58.1"
backend = "aqua:jdx/hk"
specifiers = ["latest"]

[tools."aqua:jdx/hk"."platforms.linux-arm64"]
checksum = "sha256:0972e05774ea3651fd521676c1bc6411333fe4404beb4a48067e10b54dfd1b4d"
url = "https://github.com/jdx/hk/releases/download/v1.58.1/hk-aarch64-unknown-linux-gnu.tar.gz"
url_api = "https://api.github.com/repos/jdx/hk/releases/assets/546232324"

[tools."aqua:jdx/hk"."platforms.linux-arm64-musl"]
checksum = "sha256:a49cc7c21cf914c03fbda6289254bb704d424e91458afd91074f16921f9a5e84"
url = "https://github.com/jdx/hk/releases/download/v1.58.1/hk-aarch64-unknown-linux-musl.tar.gz"
url_api = "https://api.github.com/repos/jdx/hk/releases/assets/546232327"

[tools."aqua:jdx/hk"."platforms.linux-x64"]
checksum = "sha256:8139133a70ed7cf1d4a0f2f19c26b1b68d714d81af91b2b1f42c4c524afc0fe5"
url = "https://github.com/jdx/hk/releases/download/v1.58.1/hk-x86_64-unknown-linux-gnu.tar.gz"
url_api = "https://api.github.com/repos/jdx/hk/releases/assets/546232333"

[tools."aqua:jdx/hk"."platforms.linux-x64-musl"]
checksum = "sha256:df8a97c000d59756c14096a550d211d7346c41abf2a20d394aaa0d9bc9695ef5"
url = "https://github.com/jdx/hk/releases/download/v1.58.1/hk-x86_64-unknown-linux-musl.tar.gz"
url_api = "https://api.github.com/repos/jdx/hk/releases/assets/546232335"

[tools."aqua:jdx/hk"."platforms.macos-arm64"]
checksum = "sha256:5529d95c63ea3ba9318f551e19760998a9ddf7ed926a14daf39dc46717ab32bf"
url = "https://github.com/jdx/hk/releases/download/v1.58.1/hk-aarch64-apple-darwin.tar.gz"
url_api = "https://api.github.com/repos/jdx/hk/releases/assets/546232326"

[tools."aqua:jdx/hk"."platforms.windows-x64"]
checksum = "sha256:fb11cf7aa477f3f0546cf66a05ac9a8563322500e5766f63c011ffb97f5c708d"
url = "https://github.com/jdx/hk/releases/download/v1.58.1/hk-x86_64-pc-windows-msvc.zip"
url_api = "https://api.github.com/repos/jdx/hk/releases/assets/546232325"

[[tools."aqua:jdx/usage"]]
version = "6.8.0"
backend = "aqua:jdx/usage"
specifiers = ["latest"]

[tools."aqua:jdx/usage"."platforms.linux-arm64"]
checksum = "sha256:5ac012d6a7a1aaa5049e22afb77c3ec76768c2203d323d6d26a7b494ddccc780"
url = "https://github.com/jdx/usage/releases/download/v6.8.0/usage-aarch64-unknown-linux-gnu.tar.gz"
url_api = "https://api.github.com/repos/jdx/usage/releases/assets/547479496"

[tools."aqua:jdx/usage"."platforms.linux-arm64-musl"]
checksum = "sha256:a9b15be628824117d03d1ca2b7e1a42b5acfd5b8d1a6bfeffaa8256f2616a66e"
url = "https://github.com/jdx/usage/releases/download/v6.8.0/usage-aarch64-unknown-linux-musl.tar.gz"
url_api = "https://api.github.com/repos/jdx/usage/releases/assets/547479495"

[tools."aqua:jdx/usage"."platforms.linux-x64"]
checksum = "sha256:468c27b16302250cf74f2bddb0d0539b958ae3a391d226acc73bdd714c2a18cb"
url = "https://github.com/jdx/usage/releases/download/v6.8.0/usage-x86_64-unknown-linux-gnu.tar.gz"
url_api = "https://api.github.com/repos/jdx/usage/releases/assets/547479229"

[tools."aqua:jdx/usage"."platforms.linux-x64-musl"]
checksum = "sha256:62b44e6d10e636e4ff1e5f56366d84475d8282990a5882499cae658e95b99f32"
url = "https://github.com/jdx/usage/releases/download/v6.8.0/usage-x86_64-unknown-linux-musl.tar.gz"
url_api = "https://api.github.com/repos/jdx/usage/releases/assets/547479563"

[tools."aqua:jdx/usage"."platforms.macos-arm64"]
checksum = "sha256:f6bfe2e5353e02769d3f6902d06db1cb201f84124df08465fd4826f9ce7ba632"
url = "https://github.com/jdx/usage/releases/download/v6.8.0/usage-universal-apple-darwin.tar.gz"
url_api = "https://api.github.com/repos/jdx/usage/releases/assets/547480261"

[tools."aqua:jdx/usage"."platforms.macos-x64"]
checksum = "sha256:f6bfe2e5353e02769d3f6902d06db1cb201f84124df08465fd4826f9ce7ba632"
url = "https://github.com/jdx/usage/releases/download/v6.8.0/usage-universal-apple-darwin.tar.gz"
url_api = "https://api.github.com/repos/jdx/usage/releases/assets/547480261"

[tools."aqua:jdx/usage"."platforms.windows-x64"]
checksum = "sha256:f97cf597bef4a2a643b38abcb02e2d47622e658fccf17fd5d1a97df9fac17b78"
url = "https://github.com/jdx/usage/releases/download/v6.8.0/usage-x86_64-pc-windows-msvc.zip"
url_api = "https://api.github.com/repos/jdx/usage/releases/assets/547482883"

[[tools."aqua:taiki-e/cargo-llvm-cov"]]
version = "0.9.1"
backend = "aqua:taiki-e/cargo-llvm-cov"
specifiers = ["latest"]

[tools."aqua:taiki-e/cargo-llvm-cov"."platforms.linux-arm64"]
checksum = "sha256:abf5f13c1520f8756d2192bfaaeadb0208f5b7eaa8cadc15bf847befa42b7360"
url = "https://github.com/taiki-e/cargo-llvm-cov/releases/download/v0.9.1/cargo-llvm-cov-aarch64-unknown-linux-gnu.tar.gz"
url_api = "https://api.github.com/repos/taiki-e/cargo-llvm-cov/releases/assets/547403281"
provenance = "github-attestations"

[tools."aqua:taiki-e/cargo-llvm-cov"."platforms.linux-arm64-musl"]
checksum = "sha256:49c0085628392a8d727c4464d91ec417c613c5015f5197cd16d5c05aa3fb5ad1"
url = "https://github.com/taiki-e/cargo-llvm-cov/releases/download/v0.9.1/cargo-llvm-cov-aarch64-unknown-linux-musl.tar.gz"
url_api = "https://api.github.com/repos/taiki-e/cargo-llvm-cov/releases/assets/547403283"
provenance = "github-attestations"

[tools."aqua:taiki-e/cargo-llvm-cov"."platforms.linux-x64"]
checksum = "sha256:b3f68e625481fed9b16444174f3fa5ebcdbde4a1878803a35eabe2dcefcdc41a"
url = "https://github.com/taiki-e/cargo-llvm-cov/releases/download/v0.9.1/cargo-llvm-cov-x86_64-unknown-linux-gnu.tar.gz"
url_api = "https://api.github.com/repos/taiki-e/cargo-llvm-cov/releases/assets/547403171"
provenance = "github-attestations"

[tools."aqua:taiki-e/cargo-llvm-cov"."platforms.linux-x64-musl"]
checksum = "sha256:3fca950394a3c49457657c158b1619cec8dfd2647ae5b48746734c0ab969a522"
url = "https://github.com/taiki-e/cargo-llvm-cov/releases/download/v0.9.1/cargo-llvm-cov-x86_64-unknown-linux-musl.tar.gz"
url_api = "https://api.github.com/repos/taiki-e/cargo-llvm-cov/releases/assets/547403186"
provenance = "github-attestations"

[tools."aqua:taiki-e/cargo-llvm-cov"."platforms.macos-arm64"]
checksum = "sha256:7e821a6c90c0884f79f759f5d9be50799ade67bb82515186d922f26032ef43b8"
url = "https://github.com/taiki-e/cargo-llvm-cov/releases/download/v0.9.1/cargo-llvm-cov-aarch64-apple-darwin.tar.gz"
url_api = "https://api.github.com/repos/taiki-e/cargo-llvm-cov/releases/assets/547403359"
provenance = "github-attestations"

[tools."aqua:taiki-e/cargo-llvm-cov"."platforms.macos-x64"]
checksum = "sha256:ddf949b82a63017441ea76aa068bdd7e2dde8055f47cd3ef736fdbbd633bc33e"
url = "https://github.com/taiki-e/cargo-llvm-cov/releases/download/v0.9.1/cargo-llvm-cov-x86_64-apple-darwin.tar.gz"
url_api = "https://api.github.com/repos/taiki-e/cargo-llvm-cov/releases/assets/547403156"
provenance = "github-attestations"

[tools."aqua:taiki-e/cargo-llvm-cov"."platforms.windows-x64"]
checksum = "sha256:15eefd5b90fcdd4006b727c6e710d70a61aff509fcd7bb37f9c2a35c4f024948"
url = "https://github.com/taiki-e/cargo-llvm-cov/releases/download/v0.9.1/cargo-llvm-cov-x86_64-pc-windows-msvc.tar.gz"
url_api = "https://api.github.com/repos/taiki-e/cargo-llvm-cov/releases/assets/547404213"
provenance = "github-attestations"

[[tools.betterleaks]]
version = "1.8.1"
backend = "aqua:betterleaks/betterleaks"
specifiers = ["latest"]

[tools.betterleaks."platforms.linux-arm64"]
checksum = "sha256:bbb578b12a2f65d7082ab436abf37724232bc71d8a078e3c41336574420f1b48"
url = "https://github.com/betterleaks/betterleaks/releases/download/v1.8.1/betterleaks_1.8.1_linux_arm64.tar.gz"
url_api = "https://api.github.com/repos/betterleaks/betterleaks/releases/assets/519981771"
provenance = "cosign"

[tools.betterleaks."platforms.linux-arm64-musl"]
checksum = "sha256:bbb578b12a2f65d7082ab436abf37724232bc71d8a078e3c41336574420f1b48"
url = "https://github.com/betterleaks/betterleaks/releases/download/v1.8.1/betterleaks_1.8.1_linux_arm64.tar.gz"
url_api = "https://api.github.com/repos/betterleaks/betterleaks/releases/assets/519981771"
provenance = "cosign"

[tools.betterleaks."platforms.linux-x64"]
checksum = "sha256:efa407244e1ea8e35f582b8a42becdeac08bdead04f68eb752adda722d583c2a"
url = "https://github.com/betterleaks/betterleaks/releases/download/v1.8.1/betterleaks_1.8.1_linux_x64.tar.gz"
url_api = "https://api.github.com/repos/betterleaks/betterleaks/releases/assets/519981768"
provenance = "cosign"

[tools.betterleaks."platforms.linux-x64-musl"]
checksum = "sha256:efa407244e1ea8e35f582b8a42becdeac08bdead04f68eb752adda722d583c2a"
url = "https://github.com/betterleaks/betterleaks/releases/download/v1.8.1/betterleaks_1.8.1_linux_x64.tar.gz"
url_api = "https://api.github.com/repos/betterleaks/betterleaks/releases/assets/519981768"
provenance = "cosign"

[tools.betterleaks."platforms.macos-arm64"]
checksum = "sha256:8e80f33b5f2a7426b390347b9fd466033723cb94b6bdffa7572632e2eaec964e"
url = "https://github.com/betterleaks/betterleaks/releases/download/v1.8.1/betterleaks_1.8.1_darwin_arm64.tar.gz"
url_api = "https://api.github.com/repos/betterleaks/betterleaks/releases/assets/519981770"
provenance = "cosign"

[tools.betterleaks."platforms.macos-x64"]
checksum = "sha256:6abc37df76f881cffae406aa2cec72bea6e6ae64b4e771b3ed21b4aac472ed10"
url = "https://github.com/betterleaks/betterleaks/releases/download/v1.8.1/betterleaks_1.8.1_darwin_x64.tar.gz"
url_api = "https://api.github.com/repos/betterleaks/betterleaks/releases/assets/519981772"
provenance = "cosign"

[tools.betterleaks."platforms.windows-x64"]
checksum = "sha256:94310d028285a1bcce7f160bc19eb62f87de6460c95bfd4319151ef5b501ed3f"
url = "https://github.com/betterleaks/betterleaks/releases/download/v1.8.1/betterleaks_1.8.1_windows_x64.zip"
url_api = "https://api.github.com/repos/betterleaks/betterleaks/releases/assets/519981798"
provenance = "cosign"

[[tools."cargo:https://github.com/ClickHouse/clickhouse-analyzer"]]
version = "HEAD"
backend = "cargo:https://github.com/ClickHouse/clickhouse-analyzer"
specifiers = ["latest"]

[tools."cargo:https://github.com/ClickHouse/clickhouse-analyzer".options]
bin = "clickhouse-lsp"
crate = "clickhouse-analyzer"
features = "lsp"

[[tools.editorconfig-checker]]
version = "3.11.3"
backend = "aqua:editorconfig-checker/editorconfig-checker"
specifiers = ["latest"]

[tools.editorconfig-checker."platforms.linux-arm64"]
checksum = "sha256:6d333917ad3c21cf0a23c191ec660549de381e6df56ee5e76ace0c513da2b7b4"
url = "https://github.com/editorconfig-checker/editorconfig-checker/releases/download/v3.11.3/ec-linux-arm64.tar.gz"
url_api = "https://api.github.com/repos/editorconfig-checker/editorconfig-checker/releases/assets/543324052"

[tools.editorconfig-checker."platforms.linux-arm64-musl"]
checksum = "sha256:6d333917ad3c21cf0a23c191ec660549de381e6df56ee5e76ace0c513da2b7b4"
url = "https://github.com/editorconfig-checker/editorconfig-checker/releases/download/v3.11.3/ec-linux-arm64.tar.gz"
url_api = "https://api.github.com/repos/editorconfig-checker/editorconfig-checker/releases/assets/543324052"

[tools.editorconfig-checker."platforms.linux-x64"]
checksum = "sha256:6a73858f8906e466910fb3b3b525c206b27dacdad138910b0b0513f021ab32c4"
url = "https://github.com/editorconfig-checker/editorconfig-checker/releases/download/v3.11.3/ec-linux-amd64.tar.gz"
url_api = "https://api.github.com/repos/editorconfig-checker/editorconfig-checker/releases/assets/543324059"

[tools.editorconfig-checker."platforms.linux-x64-musl"]
checksum = "sha256:6a73858f8906e466910fb3b3b525c206b27dacdad138910b0b0513f021ab32c4"
url = "https://github.com/editorconfig-checker/editorconfig-checker/releases/download/v3.11.3/ec-linux-amd64.tar.gz"
url_api = "https://api.github.com/repos/editorconfig-checker/editorconfig-checker/releases/assets/543324059"

[tools.editorconfig-checker."platforms.macos-arm64"]
checksum = "sha256:eeb0e5d1db4a913277da781bc40802542eb42c4f3f43b7c87c000714dd905faf"
url = "https://github.com/editorconfig-checker/editorconfig-checker/releases/download/v3.11.3/ec-darwin-arm64.tar.gz"
url_api = "https://api.github.com/repos/editorconfig-checker/editorconfig-checker/releases/assets/543324096"

[tools.editorconfig-checker."platforms.macos-x64"]
checksum = "sha256:126c8fa83500389078f6b2072a04170f063787ec9905e5d1ab69a5a62ee5b10d"
url = "https://github.com/editorconfig-checker/editorconfig-checker/releases/download/v3.11.3/ec-darwin-amd64.tar.gz"
url_api = "https://api.github.com/repos/editorconfig-checker/editorconfig-checker/releases/assets/543324099"

[tools.editorconfig-checker."platforms.windows-x64"]
checksum = "sha256:0d6739507ac0b57099f0339fce1de0856584c71dd878c89cbc07845884f42ab5"
url = "https://github.com/editorconfig-checker/editorconfig-checker/releases/download/v3.11.3/ec-windows-amd64.zip"
url_api = "https://api.github.com/repos/editorconfig-checker/editorconfig-checker/releases/assets/543324056"

[[tools.ghalint]]
version = "1.5.6"
backend = "aqua:suzuki-shunsuke/ghalint"
specifiers = ["latest"]

[tools.ghalint."platforms.linux-arm64"]
checksum = "sha256:203a22c70b40bb161626973ad2a8dd06aeb736699fc8e03dd425dee8ff3406e6"
url = "https://github.com/suzuki-shunsuke/ghalint/releases/download/v1.5.6/ghalint_1.5.6_linux_arm64.tar.gz"
url_api = "https://api.github.com/repos/suzuki-shunsuke/ghalint/releases/assets/409631231"

[tools.ghalint."platforms.linux-arm64".provenance.slsa]
url = "https://github.com/suzuki-shunsuke/ghalint/releases/download/v1.5.6/multiple.intoto.jsonl"

[tools.ghalint."platforms.linux-arm64-musl"]
checksum = "sha256:203a22c70b40bb161626973ad2a8dd06aeb736699fc8e03dd425dee8ff3406e6"
url = "https://github.com/suzuki-shunsuke/ghalint/releases/download/v1.5.6/ghalint_1.5.6_linux_arm64.tar.gz"
url_api = "https://api.github.com/repos/suzuki-shunsuke/ghalint/releases/assets/409631231"

[tools.ghalint."platforms.linux-arm64-musl".provenance.slsa]
url = "https://github.com/suzuki-shunsuke/ghalint/releases/download/v1.5.6/multiple.intoto.jsonl"

[tools.ghalint."platforms.linux-x64"]
checksum = "sha256:98ee0e3330de7286f470d1e89c03ff7ce70d7a5998ba0f15969c400447be579c"
url = "https://github.com/suzuki-shunsuke/ghalint/releases/download/v1.5.6/ghalint_1.5.6_linux_amd64.tar.gz"
url_api = "https://api.github.com/repos/suzuki-shunsuke/ghalint/releases/assets/409631220"

[tools.ghalint."platforms.linux-x64".provenance.slsa]
url = "https://github.com/suzuki-shunsuke/ghalint/releases/download/v1.5.6/multiple.intoto.jsonl"

[tools.ghalint."platforms.linux-x64-musl"]
checksum = "sha256:98ee0e3330de7286f470d1e89c03ff7ce70d7a5998ba0f15969c400447be579c"
url = "https://github.com/suzuki-shunsuke/ghalint/releases/download/v1.5.6/ghalint_1.5.6_linux_amd64.tar.gz"
url_api = "https://api.github.com/repos/suzuki-shunsuke/ghalint/releases/assets/409631220"

[tools.ghalint."platforms.linux-x64-musl".provenance.slsa]
url = "https://github.com/suzuki-shunsuke/ghalint/releases/download/v1.5.6/multiple.intoto.jsonl"

[tools.ghalint."platforms.macos-arm64"]
checksum = "sha256:1262cac411e27b4653e6b66b7b06580ebcc2026fdd903e12e6cb0e4591639de6"
url = "https://github.com/suzuki-shunsuke/ghalint/releases/download/v1.5.6/ghalint_1.5.6_darwin_arm64.tar.gz"
url_api = "https://api.github.com/repos/suzuki-shunsuke/ghalint/releases/assets/409631219"

[tools.ghalint."platforms.macos-arm64".provenance.slsa]
url = "https://github.com/suzuki-shunsuke/ghalint/releases/download/v1.5.6/multiple.intoto.jsonl"

[tools.ghalint."platforms.macos-x64"]
checksum = "sha256:d2a0e8605333068065dcf4c9b7b7a24891eda1750ac01fb755dfba426a390883"
url = "https://github.com/suzuki-shunsuke/ghalint/releases/download/v1.5.6/ghalint_1.5.6_darwin_amd64.tar.gz"
url_api = "https://api.github.com/repos/suzuki-shunsuke/ghalint/releases/assets/409631204"

[tools.ghalint."platforms.macos-x64".provenance.slsa]
url = "https://github.com/suzuki-shunsuke/ghalint/releases/download/v1.5.6/multiple.intoto.jsonl"

[tools.ghalint."platforms.windows-x64"]
checksum = "sha256:109ea9b39c8e263cef924bd3b4fe5505964204f934ca60d986f4090d01a99ba5"
url = "https://github.com/suzuki-shunsuke/ghalint/releases/download/v1.5.6/ghalint_1.5.6_windows_amd64.zip"
url_api = "https://api.github.com/repos/suzuki-shunsuke/ghalint/releases/assets/409631234"

[tools.ghalint."platforms.windows-x64".provenance.slsa]
url = "https://github.com/suzuki-shunsuke/ghalint/releases/download/v1.5.6/multiple.intoto.jsonl"

[[tools."github:ClickHouse/clickhousectl"]]
version = "0.4.2"
backend = "github:ClickHouse/clickhousectl"
specifiers = ["latest"]

[tools."github:ClickHouse/clickhousectl"."platforms.linux-arm64"]
checksum = "sha256:b8b8771c5e6a9a3d9f4649200c7c74a7c30daf7027e0628cfc14a6f2bf083e06"
url = "https://github.com/ClickHouse/clickhousectl/releases/download/v0.4.2/clickhousectl-aarch64-unknown-linux-musl-v0.4.2.tar.gz"
url_api = "https://api.github.com/repos/ClickHouse/clickhousectl/releases/assets/543017748"

[tools."github:ClickHouse/clickhousectl"."platforms.linux-arm64-musl"]
checksum = "sha256:b8b8771c5e6a9a3d9f4649200c7c74a7c30daf7027e0628cfc14a6f2bf083e06"
url = "https://github.com/ClickHouse/clickhousectl/releases/download/v0.4.2/clickhousectl-aarch64-unknown-linux-musl-v0.4.2.tar.gz"
url_api = "https://api.github.com/repos/ClickHouse/clickhousectl/releases/assets/543017748"

[tools."github:ClickHouse/clickhousectl"."platforms.linux-x64"]
checksum = "sha256:1d42e3834cd5781ee04efd3a926daed89b19318bf550044e7930ebd8c5c48658"
url = "https://github.com/ClickHouse/clickhousectl/releases/download/v0.4.2/clickhousectl-x86_64-unknown-linux-musl-v0.4.2.tar.gz"
url_api = "https://api.github.com/repos/ClickHouse/clickhousectl/releases/assets/543017749"

[tools."github:ClickHouse/clickhousectl"."platforms.linux-x64-musl"]
checksum = "sha256:1d42e3834cd5781ee04efd3a926daed89b19318bf550044e7930ebd8c5c48658"
url = "https://github.com/ClickHouse/clickhousectl/releases/download/v0.4.2/clickhousectl-x86_64-unknown-linux-musl-v0.4.2.tar.gz"
url_api = "https://api.github.com/repos/ClickHouse/clickhousectl/releases/assets/543017749"

[tools."github:ClickHouse/clickhousectl"."platforms.macos-arm64"]
checksum = "sha256:7d157ea20c3c13c9bacc47fd447b85e44482a27dc44512beaa4eee7acf956e90"
url = "https://github.com/ClickHouse/clickhousectl/releases/download/v0.4.2/clickhousectl-aarch64-apple-darwin-v0.4.2.tar.gz"
url_api = "https://api.github.com/repos/ClickHouse/clickhousectl/releases/assets/543017751"

[tools."github:ClickHouse/clickhousectl"."platforms.macos-x64"]
checksum = "sha256:f997638a37b63400fb50664a4455b5105a5112cd20cf1ce7abc064aa9bbf99e6"
url = "https://github.com/ClickHouse/clickhousectl/releases/download/v0.4.2/clickhousectl-x86_64-apple-darwin-v0.4.2.tar.gz"
url_api = "https://api.github.com/repos/ClickHouse/clickhousectl/releases/assets/543017750"

[[tools."github:JFRyy/systemd-lsp"]]
version = "2026.08.03"
backend = "github:JFRyy/systemd-lsp"
specifiers = ["latest"]

[tools."github:JFRyy/systemd-lsp"."platforms.linux-x64"]
checksum = "sha256:cdfc2dc5e49f94169a062e838e72c3e2128a2bb491abc90f9212493c1de8d226"
url = "https://github.com/JFryy/systemd-lsp/releases/download/v2026.08.03/systemd-lsp-x86_64-unknown-linux-gnu"
url_api = "https://api.github.com/repos/JFryy/systemd-lsp/releases/assets/500614692"

[tools."github:JFRyy/systemd-lsp"."platforms.linux-x64-musl"]
checksum = "sha256:cdfc2dc5e49f94169a062e838e72c3e2128a2bb491abc90f9212493c1de8d226"
url = "https://github.com/JFryy/systemd-lsp/releases/download/v2026.08.03/systemd-lsp-x86_64-unknown-linux-gnu"
url_api = "https://api.github.com/repos/JFryy/systemd-lsp/releases/assets/500614692"

[tools."github:JFRyy/systemd-lsp"."platforms.macos-arm64"]
checksum = "sha256:675c3c557dae45fab5775e6cb97cb3d1c39cb4bd8dc7521ed77eff0a2398c623"
url = "https://github.com/JFryy/systemd-lsp/releases/download/v2026.08.03/systemd-lsp-aarch64-apple-darwin"
url_api = "https://api.github.com/repos/JFryy/systemd-lsp/releases/assets/500614689"

[tools."github:JFRyy/systemd-lsp"."platforms.macos-x64"]
checksum = "sha256:23688e565754d677976f82aa86c1401fe179d798c533cd44bcd3a8defcd6365a"
url = "https://github.com/JFryy/systemd-lsp/releases/download/v2026.08.03/systemd-lsp-x86_64-apple-darwin"
url_api = "https://api.github.com/repos/JFryy/systemd-lsp/releases/assets/500614691"

[tools."github:JFRyy/systemd-lsp"."platforms.windows-x64"]
checksum = "sha256:8a11837858c01d819b907537fdf553e2122409e41d41b9f197ca75b03ca1f6d7"
url = "https://github.com/JFryy/systemd-lsp/releases/download/v2026.08.03/systemd-lsp-x86_64-pc-windows-msvc.exe"
url_api = "https://api.github.com/repos/JFryy/systemd-lsp/releases/assets/500614690"

[[tools."github:mhersson/mpls"]]
version = "0.22.0"
backend = "github:mhersson/mpls"
specifiers = ["latest"]

[tools."github:mhersson/mpls"."platforms.linux-arm64"]
checksum = "sha256:7265d0cbd9d0a06128dc513ec3af70e47290b1616150cd46d8485ff33e24b99f"
url = "https://github.com/mhersson/mpls/releases/download/v0.22.0/mpls_0.22.0_linux_arm64.tar.gz"
url_api = "https://api.github.com/repos/mhersson/mpls/releases/assets/502754093"

[tools."github:mhersson/mpls"."platforms.linux-arm64-musl"]
checksum = "sha256:7265d0cbd9d0a06128dc513ec3af70e47290b1616150cd46d8485ff33e24b99f"
url = "https://github.com/mhersson/mpls/releases/download/v0.22.0/mpls_0.22.0_linux_arm64.tar.gz"
url_api = "https://api.github.com/repos/mhersson/mpls/releases/assets/502754093"

[tools."github:mhersson/mpls"."platforms.linux-x64"]
checksum = "sha256:11273fa45ab1aabf0d177528e26f7e62819be2e6d0317c18f2deed174e656894"
url = "https://github.com/mhersson/mpls/releases/download/v0.22.0/mpls_0.22.0_linux_amd64.tar.gz"
url_api = "https://api.github.com/repos/mhersson/mpls/releases/assets/502754086"

[tools."github:mhersson/mpls"."platforms.linux-x64-musl"]
checksum = "sha256:11273fa45ab1aabf0d177528e26f7e62819be2e6d0317c18f2deed174e656894"
url = "https://github.com/mhersson/mpls/releases/download/v0.22.0/mpls_0.22.0_linux_amd64.tar.gz"
url_api = "https://api.github.com/repos/mhersson/mpls/releases/assets/502754086"

[tools."github:mhersson/mpls"."platforms.macos-arm64"]
checksum = "sha256:d3a55b4da14c58a0c5b5c014b45bb5b51a28fe61bb931623c810e3ac8cf19d9f"
url = "https://github.com/mhersson/mpls/releases/download/v0.22.0/mpls_0.22.0_darwin_arm64.tar.gz"
url_api = "https://api.github.com/repos/mhersson/mpls/releases/assets/502754112"

[tools."github:mhersson/mpls"."platforms.macos-x64"]
checksum = "sha256:2d017336364761601110f86699975ef70b92a7e659d4bcf0b91033ac2b710e0d"
url = "https://github.com/mhersson/mpls/releases/download/v0.22.0/mpls_0.22.0_darwin_amd64.tar.gz"
url_api = "https://api.github.com/repos/mhersson/mpls/releases/assets/502754124"

[tools."github:mhersson/mpls"."platforms.windows-x64"]
checksum = "sha256:54bb1dc013cdb579c31d05063e6952591fc20946648d845da9d950a1a0c5e7c5"
url = "https://github.com/mhersson/mpls/releases/download/v0.22.0/mpls_0.22.0_windows_amd64.zip"
url_api = "https://api.github.com/repos/mhersson/mpls/releases/assets/502754092"

[[tools.hk]]
version = "1.58.1"
backend = "packslip:github.com/jdx/hk"
specifiers = ["latest"]

[[tools.marksman]]
version = "2026-02-08"
backend = "aqua:artempyanykh/marksman"
specifiers = ["latest"]

[tools.marksman."platforms.linux-arm64"]
checksum = "sha256:db8e124527f7f8048e3e6c91821b9c52ef173d92c01e47d221bf1337afd962fb"
url = "https://github.com/artempyanykh/marksman/releases/download/2026-02-08/marksman-linux-arm64"
url_api = "https://api.github.com/repos/artempyanykh/marksman/releases/assets/352747912"

[tools.marksman."platforms.linux-arm64-musl"]
checksum = "sha256:cd3b91b630042cc09b20505583203f875fbb4bf2fdf74dd6d87fddc3238d2798"
url = "https://github.com/artempyanykh/marksman/releases/download/2026-02-08/marksman-linux-musl-arm64"
url_api = "https://api.github.com/repos/artempyanykh/marksman/releases/assets/352747925"

[tools.marksman."platforms.linux-x64"]
checksum = "sha256:be5098e8213219269c47fc0d916a66fa31ce0602ec967475c722260aabf26087"
url = "https://github.com/artempyanykh/marksman/releases/download/2026-02-08/marksman-linux-x64"
url_api = "https://api.github.com/repos/artempyanykh/marksman/releases/assets/352747902"

[tools.marksman."platforms.linux-x64-musl"]
checksum = "sha256:d33df4544bb1f9f1b93b862ea78375ca8c04cd467ed2bcee354d605fc483ceee"
url = "https://github.com/artempyanykh/marksman/releases/download/2026-02-08/marksman-linux-musl-x64"
url_api = "https://api.github.com/repos/artempyanykh/marksman/releases/assets/352747928"

[tools.marksman."platforms.macos-arm64"]
checksum = "sha256:6a801c17b5ac0dba69787c5282b3b3bd416e66c96253fae098d311c6bbd1833b"
url = "https://github.com/artempyanykh/marksman/releases/download/2026-02-08/marksman-macos"
url_api = "https://api.github.com/repos/artempyanykh/marksman/releases/assets/352747961"

[tools.marksman."platforms.macos-x64"]
checksum = "sha256:6a801c17b5ac0dba69787c5282b3b3bd416e66c96253fae098d311c6bbd1833b"
url = "https://github.com/artempyanykh/marksman/releases/download/2026-02-08/marksman-macos"
url_api = "https://api.github.com/repos/artempyanykh/marksman/releases/assets/352747961"

[tools.marksman."platforms.windows-x64"]
checksum = "sha256:a6d05beb08ebe41b0a9f09c98a438540421436fa5531424c22e0bb1d22529705"
url = "https://github.com/artempyanykh/marksman/releases/download/2026-02-08/marksman.exe"
url_api = "https://api.github.com/repos/artempyanykh/marksman/releases/assets/352747911"

[[tools.node]]
version = "24.20.0"
backend = "core:node"
specifiers = ["lts"]

[tools.node."platforms.linux-arm64"]
checksum = "sha256:3515603e2487879a39bc75716f1a2affd027500c64ba50e845cf72cb33219013"
url = "https://nodejs.org/dist/v24.20.0/node-v24.20.0-linux-arm64.tar.gz"

[tools.node."platforms.linux-arm64-musl"]
checksum = "sha256:2c8c507ccb0f20812d9526ba8ca454b1652aadef68fc8bad06f07fb1122dd1ef"
url = "https://unofficial-builds.nodejs.org/download/release/v24.20.0/node-v24.20.0-linux-arm64-musl.tar.gz"

[tools.node."platforms.linux-x64"]
checksum = "sha256:855d581f8a4eb1a8117e3426de25fe02770592febcfb31369aee1ffbfee9e8ec"
url = "https://nodejs.org/dist/v24.20.0/node-v24.20.0-linux-x64.tar.gz"

[tools.node."platforms.linux-x64-musl"]
checksum = "sha256:9ae1399fef4bd8990e15773ce1327b336a20b9e97d8c7549f4f42ca73c43f562"
url = "https://unofficial-builds.nodejs.org/download/release/v24.20.0/node-v24.20.0-linux-x64-musl.tar.gz"

[tools.node."platforms.macos-arm64"]
checksum = "sha256:40e5607e5ecb3db9192723776da2d75d966260fc74a7a9e731c1bd67dda96bc8"
url = "https://nodejs.org/dist/v24.20.0/node-v24.20.0-darwin-arm64.tar.gz"

[tools.node."platforms.macos-x64"]
checksum = "sha256:9e5b2644cf107befb6aefca676b96d3296bc10138096f022ed378d6233ed81f4"
url = "https://nodejs.org/dist/v24.20.0/node-v24.20.0-darwin-x64.tar.gz"

[tools.node."platforms.windows-x64"]
checksum = "sha256:6cac9ffbca8f6a47091e4b5c772e0606049c3871cb67d900c0cedde630e545ba"
url = "https://nodejs.org/dist/v24.20.0/node-v24.20.0-win-x64.zip"

[[tools."npm:bash-language-server"]]
version = "5.6.0"
backend = "npm:bash-language-server"
specifiers = ["latest"]

[[tools."npm:yaml-language-server"]]
version = "1.24.0"
backend = "npm:yaml-language-server"
specifiers = ["latest"]

[[tools.pinact]]
version = "4.1.1"
backend = "aqua:suzuki-shunsuke/pinact"
specifiers = ["latest"]

[tools.pinact."platforms.linux-arm64"]
checksum = "sha256:dd1f29908319ed3e59f9fe6b39196efbb76936357f3bd741cd759a96306ae8d8"
url = "https://github.com/suzuki-shunsuke/pinact/releases/download/v4.1.1/pinact_linux_arm64.tar.gz"
url_api = "https://api.github.com/repos/suzuki-shunsuke/pinact/releases/assets/494702261"
provenance = "github-attestations"

[tools.pinact."platforms.linux-arm64-musl"]
checksum = "sha256:dd1f29908319ed3e59f9fe6b39196efbb76936357f3bd741cd759a96306ae8d8"
url = "https://github.com/suzuki-shunsuke/pinact/releases/download/v4.1.1/pinact_linux_arm64.tar.gz"
url_api = "https://api.github.com/repos/suzuki-shunsuke/pinact/releases/assets/494702261"
provenance = "github-attestations"

[tools.pinact."platforms.linux-x64"]
checksum = "sha256:d1cffebe5704b74e2e5f8a864efb9f7e54768972dc686188c008033fb1797841"
url = "https://github.com/suzuki-shunsuke/pinact/releases/download/v4.1.1/pinact_linux_amd64.tar.gz"
url_api = "https://api.github.com/repos/suzuki-shunsuke/pinact/releases/assets/494702259"
provenance = "github-attestations"

[tools.pinact."platforms.linux-x64-musl"]
checksum = "sha256:d1cffebe5704b74e2e5f8a864efb9f7e54768972dc686188c008033fb1797841"
url = "https://github.com/suzuki-shunsuke/pinact/releases/download/v4.1.1/pinact_linux_amd64.tar.gz"
url_api = "https://api.github.com/repos/suzuki-shunsuke/pinact/releases/assets/494702259"
provenance = "github-attestations"

[tools.pinact."platforms.macos-arm64"]
checksum = "sha256:c13998c9f0dd09d8973700938aa5f6ac52a1db4e94d4f578d8cc976cda478614"
url = "https://github.com/suzuki-shunsuke/pinact/releases/download/v4.1.1/pinact_darwin_arm64.tar.gz"
url_api = "https://api.github.com/repos/suzuki-shunsuke/pinact/releases/assets/494702257"
provenance = "github-attestations"

[tools.pinact."platforms.macos-x64"]
checksum = "sha256:513678fdb0bb59b2742dd06d28f0ee851496a83ba939954009aa6be53f5aec9c"
url = "https://github.com/suzuki-shunsuke/pinact/releases/download/v4.1.1/pinact_darwin_amd64.tar.gz"
url_api = "https://api.github.com/repos/suzuki-shunsuke/pinact/releases/assets/494702250"
provenance = "github-attestations"

[tools.pinact."platforms.windows-x64"]
checksum = "sha256:88db480a3f8833d7233b482a72c97308df558ebceb0d3214775889239901f6a9"
url = "https://github.com/suzuki-shunsuke/pinact/releases/download/v4.1.1/pinact_windows_amd64.zip"
url_api = "https://api.github.com/repos/suzuki-shunsuke/pinact/releases/assets/494702288"
provenance = "github-attestations"

[[tools."pipx:jsonschema-markdown"]]
version = "2026.8.0"
backend = "pipx:jsonschema-markdown"
specifiers = ["latest"]

[[tools.pkl]]
version = "0.32.1"
backend = "aqua:apple/pkl"
specifiers = ["latest"]

[tools.pkl."platforms.linux-arm64"]
checksum = "sha256:a76d2dd47da435a8f911b0347373f47c7e59ea54fb75ff846d20b8df10dba058"
url = "https://github.com/apple/pkl/releases/download/0.32.1/pkl-linux-aarch64"
url_api = "https://api.github.com/repos/apple/pkl/releases/assets/487426568"

[tools.pkl."platforms.linux-arm64-musl"]
checksum = "sha256:a76d2dd47da435a8f911b0347373f47c7e59ea54fb75ff846d20b8df10dba058"
url = "https://github.com/apple/pkl/releases/download/0.32.1/pkl-linux-aarch64"
url_api = "https://api.github.com/repos/apple/pkl/releases/assets/487426568"

[tools.pkl."platforms.linux-x64"]
checksum = "sha256:3180b62da95c0cad1d904e9bb6c5f4a8f9032413c21e53194bb91ff1ee5f3211"
url = "https://github.com/apple/pkl/releases/download/0.32.1/pkl-linux-amd64"
url_api = "https://api.github.com/repos/apple/pkl/releases/assets/487426567"

[tools.pkl."platforms.linux-x64-musl"]
checksum = "sha256:3180b62da95c0cad1d904e9bb6c5f4a8f9032413c21e53194bb91ff1ee5f3211"
url = "https://github.com/apple/pkl/releases/download/0.32.1/pkl-linux-amd64"
url_api = "https://api.github.com/repos/apple/pkl/releases/assets/487426567"

[tools.pkl."platforms.macos-arm64"]
checksum = "sha256:563eb51c9a20b16a3625464ed745c675ed9750381f2126722696a0d7cac1d9d3"
url = "https://github.com/apple/pkl/releases/download/0.32.1/pkl-macos-aarch64"
url_api = "https://api.github.com/repos/apple/pkl/releases/assets/487426570"

[tools.pkl."platforms.macos-x64"]
checksum = "sha256:5b74b903234047960144f66f2cebdd12d267d9b98e8155ed91d2ae5ed27e2d1f"
url = "https://github.com/apple/pkl/releases/download/0.32.1/pkl-macos-amd64"
url_api = "https://api.github.com/repos/apple/pkl/releases/assets/487426599"

[tools.pkl."platforms.windows-x64"]
checksum = "sha256:8550a00fcf027335e42c5e2cd553b88e98845408cb1880b3e3d1860caf46d22a"
url = "https://github.com/apple/pkl/releases/download/0.32.1/pkl-windows-amd64.exe"
url_api = "https://api.github.com/repos/apple/pkl/releases/assets/487426668"

[[tools.rumdl]]
version = "0.2.68"
backend = "aqua:rvben/rumdl"
specifiers = ["latest"]

[tools.rumdl."platforms.linux-arm64"]
checksum = "sha256:7f32d4ead0c789089e959ddfeb36458c45096d237569e4411f720bb01b7e3b06"
url = "https://github.com/rvben/rumdl/releases/download/v0.2.68/rumdl-v0.2.68-aarch64-unknown-linux-gnu.tar.gz"
url_api = "https://api.github.com/repos/rvben/rumdl/releases/assets/549037309"
provenance = "github-attestations"

[tools.rumdl."platforms.linux-arm64-musl"]
checksum = "sha256:a2ec1cbc2928085ed793cfbbbc78c40c2db803b2e9078d935fa13fd0dfc0e245"
url = "https://github.com/rvben/rumdl/releases/download/v0.2.68/rumdl-v0.2.68-aarch64-unknown-linux-musl.tar.gz"
url_api = "https://api.github.com/repos/rvben/rumdl/releases/assets/549037305"
provenance = "github-attestations"

[tools.rumdl."platforms.linux-x64"]
checksum = "sha256:a5fbbc1ab31400b16896f3e00192f931f766e3374ec5e31aadcd2114533f4f8b"
url = "https://github.com/rvben/rumdl/releases/download/v0.2.68/rumdl-v0.2.68-x86_64-unknown-linux-gnu.tar.gz"
url_api = "https://api.github.com/repos/rvben/rumdl/releases/assets/549037306"
provenance = "github-attestations"

[tools.rumdl."platforms.linux-x64-musl"]
checksum = "sha256:b322932db6abfea5b3edb44e62f4c90d10d29435bf9e64b9cf515899f64309b2"
url = "https://github.com/rvben/rumdl/releases/download/v0.2.68/rumdl-v0.2.68-x86_64-unknown-linux-musl.tar.gz"
url_api = "https://api.github.com/repos/rvben/rumdl/releases/assets/549037310"
provenance = "github-attestations"

[tools.rumdl."platforms.macos-arm64"]
checksum = "sha256:728edeb26be049819dd923b3fbe4d2425fb90c350c3d4132079f3162553c6330"
url = "https://github.com/rvben/rumdl/releases/download/v0.2.68/rumdl-v0.2.68-aarch64-apple-darwin.tar.gz"
url_api = "https://api.github.com/repos/rvben/rumdl/releases/assets/549037314"
provenance = "github-attestations"

[tools.rumdl."platforms.macos-x64"]
checksum = "sha256:d1f66d8c9f74f18794a9fa76c13a89d2d159716c37091b407f22c89bd7eca124"
url = "https://github.com/rvben/rumdl/releases/download/v0.2.68/rumdl-v0.2.68-x86_64-apple-darwin.tar.gz"
url_api = "https://api.github.com/repos/rvben/rumdl/releases/assets/549037308"
provenance = "github-attestations"

[tools.rumdl."platforms.windows-x64"]
checksum = "sha256:b7ec4704f3a0a1f4261323c5b9874c9be1ff6ba8b1d6098160343d6d9ae512ba"
url = "https://github.com/rvben/rumdl/releases/download/v0.2.68/rumdl-v0.2.68-x86_64-pc-windows-msvc.zip"
url_api = "https://api.github.com/repos/rvben/rumdl/releases/assets/549037317"
provenance = "github-attestations"

[[tools.rust]]
version = "1.98.0"
backend = "core:rust"
specifiers = ["1.98.0"]

[tools.rust.options]
components = "rust-analyzer"
profile = "default"

[[tools.shellcheck]]
version = "0.11.0"
backend = "aqua:koalaman/shellcheck"
specifiers = ["latest"]

[tools.shellcheck."platforms.linux-arm64"]
checksum = "sha256:12b331c1d2db6b9eb13cfca64306b1b157a86eb69db83023e261eaa7e7c14588"
url = "https://github.com/koalaman/shellcheck/releases/download/v0.11.0/shellcheck-v0.11.0.linux.aarch64.tar.xz"
url_api = "https://api.github.com/repos/koalaman/shellcheck/releases/assets/279056934"

[tools.shellcheck."platforms.linux-arm64-musl"]
checksum = "sha256:12b331c1d2db6b9eb13cfca64306b1b157a86eb69db83023e261eaa7e7c14588"
url = "https://github.com/koalaman/shellcheck/releases/download/v0.11.0/shellcheck-v0.11.0.linux.aarch64.tar.xz"
url_api = "https://api.github.com/repos/koalaman/shellcheck/releases/assets/279056934"

[tools.shellcheck."platforms.linux-x64"]
checksum = "sha256:8c3be12b05d5c177a04c29e3c78ce89ac86f1595681cab149b65b97c4e227198"
url = "https://github.com/koalaman/shellcheck/releases/download/v0.11.0/shellcheck-v0.11.0.linux.x86_64.tar.xz"
url_api = "https://api.github.com/repos/koalaman/shellcheck/releases/assets/279056942"

[tools.shellcheck."platforms.linux-x64-musl"]
checksum = "sha256:8c3be12b05d5c177a04c29e3c78ce89ac86f1595681cab149b65b97c4e227198"
url = "https://github.com/koalaman/shellcheck/releases/download/v0.11.0/shellcheck-v0.11.0.linux.x86_64.tar.xz"
url_api = "https://api.github.com/repos/koalaman/shellcheck/releases/assets/279056942"

[tools.shellcheck."platforms.macos-arm64"]
checksum = "sha256:56affdd8de5527894dca6dc3d7e0a99a873b0f004d7aabc30ae407d3f48b0a79"
url = "https://github.com/koalaman/shellcheck/releases/download/v0.11.0/shellcheck-v0.11.0.darwin.aarch64.tar.xz"
url_api = "https://api.github.com/repos/koalaman/shellcheck/releases/assets/279056932"

[tools.shellcheck."platforms.macos-x64"]
checksum = "sha256:3c89db4edcab7cf1c27bff178882e0f6f27f7afdf54e859fa041fca10febe4c6"
url = "https://github.com/koalaman/shellcheck/releases/download/v0.11.0/shellcheck-v0.11.0.darwin.x86_64.tar.xz"
url_api = "https://api.github.com/repos/koalaman/shellcheck/releases/assets/279056930"

[tools.shellcheck."platforms.windows-x64"]
checksum = "sha256:8a4e35ab0b331c85d73567b12f2a444df187f483e5079ceffa6bda1faa2e740e"
url = "https://github.com/koalaman/shellcheck/releases/download/v0.11.0/shellcheck-v0.11.0.zip"
url_api = "https://api.github.com/repos/koalaman/shellcheck/releases/assets/279056944"

[[tools.shfmt]]
version = "3.14.1"
backend = "aqua:mvdan/sh"
specifiers = ["latest"]

[tools.shfmt."platforms.linux-arm64"]
checksum = "sha256:5f2db09dae91fca848f7adbdd014632e921a383863a2ad7e0450ad3aba0c6489"
url = "https://github.com/mvdan/sh/releases/download/v3.14.1/shfmt_v3.14.1_linux_arm64"
url_api = "https://api.github.com/repos/mvdan/sh/releases/assets/547320869"

[tools.shfmt."platforms.linux-arm64-musl"]
checksum = "sha256:5f2db09dae91fca848f7adbdd014632e921a383863a2ad7e0450ad3aba0c6489"
url = "https://github.com/mvdan/sh/releases/download/v3.14.1/shfmt_v3.14.1_linux_arm64"
url_api = "https://api.github.com/repos/mvdan/sh/releases/assets/547320869"

[tools.shfmt."platforms.linux-x64"]
checksum = "sha256:76e77641faa025814b77f153b29796b8e6fa2fca03e0c76a691608b86c7ea7bf"
url = "https://github.com/mvdan/sh/releases/download/v3.14.1/shfmt_v3.14.1_linux_amd64"
url_api = "https://api.github.com/repos/mvdan/sh/releases/assets/547320883"

[tools.shfmt."platforms.linux-x64-musl"]
checksum = "sha256:76e77641faa025814b77f153b29796b8e6fa2fca03e0c76a691608b86c7ea7bf"
url = "https://github.com/mvdan/sh/releases/download/v3.14.1/shfmt_v3.14.1_linux_amd64"
url_api = "https://api.github.com/repos/mvdan/sh/releases/assets/547320883"

[tools.shfmt."platforms.macos-arm64"]
checksum = "sha256:b7c872db63553ccffc7253aba3ed7d4885a27d83f1ba567b1138c6315a5847e5"
url = "https://github.com/mvdan/sh/releases/download/v3.14.1/shfmt_v3.14.1_darwin_arm64"
url_api = "https://api.github.com/repos/mvdan/sh/releases/assets/547320930"

[tools.shfmt."platforms.macos-x64"]
checksum = "sha256:d33eee0da0f92835b3562e9767a05cee7e4eaeef47daa03bfd09da17b4b590a6"
url = "https://github.com/mvdan/sh/releases/download/v3.14.1/shfmt_v3.14.1_darwin_amd64"
url_api = "https://api.github.com/repos/mvdan/sh/releases/assets/547320946"

[tools.shfmt."platforms.windows-x64"]
checksum = "sha256:13629ce28442ca80b6b5a819f7574ab39e1c28c6e26734ca816c9714e04851df"
url = "https://github.com/mvdan/sh/releases/download/v3.14.1/shfmt_v3.14.1_windows_amd64.exe"
url_api = "https://api.github.com/repos/mvdan/sh/releases/assets/547320827"

[[tools.tombi]]
version = "1.5.2"
backend = "aqua:tombi-toml/tombi"
specifiers = ["latest"]

[tools.tombi."platforms.linux-arm64"]
checksum = "sha256:ee653d9b5a8421d68a3abd8abc9c1a633e6a21adcc13dfa59992c8e4baa56353"
url = "https://github.com/tombi-toml/tombi/releases/download/v1.5.2/tombi-cli-1.5.2-aarch64-unknown-linux-musl.tar.gz"
url_api = "https://api.github.com/repos/tombi-toml/tombi/releases/assets/545681156"
provenance = "github-attestations"

[tools.tombi."platforms.linux-arm64-musl"]
checksum = "sha256:ee653d9b5a8421d68a3abd8abc9c1a633e6a21adcc13dfa59992c8e4baa56353"
url = "https://github.com/tombi-toml/tombi/releases/download/v1.5.2/tombi-cli-1.5.2-aarch64-unknown-linux-musl.tar.gz"
url_api = "https://api.github.com/repos/tombi-toml/tombi/releases/assets/545681156"
provenance = "github-attestations"

[tools.tombi."platforms.linux-x64"]
checksum = "sha256:871aa9cd9e9f54da46f8b4e7318c5b9777ad18f46745071f1c693d352c487c9d"
url = "https://github.com/tombi-toml/tombi/releases/download/v1.5.2/tombi-cli-1.5.2-x86_64-unknown-linux-musl.tar.gz"
url_api = "https://api.github.com/repos/tombi-toml/tombi/releases/assets/545681167"
provenance = "github-attestations"

[tools.tombi."platforms.linux-x64-musl"]
checksum = "sha256:871aa9cd9e9f54da46f8b4e7318c5b9777ad18f46745071f1c693d352c487c9d"
url = "https://github.com/tombi-toml/tombi/releases/download/v1.5.2/tombi-cli-1.5.2-x86_64-unknown-linux-musl.tar.gz"
url_api = "https://api.github.com/repos/tombi-toml/tombi/releases/assets/545681167"
provenance = "github-attestations"

[tools.tombi."platforms.macos-arm64"]
checksum = "sha256:ad84d0b2185fbab7a8f3629e826b04958e86f3cfe65a1348753b02b3b1bcd3af"
url = "https://github.com/tombi-toml/tombi/releases/download/v1.5.2/tombi-cli-1.5.2-aarch64-apple-darwin.tar.gz"
url_api = "https://api.github.com/repos/tombi-toml/tombi/releases/assets/545681154"
provenance = "github-attestations"

[tools.tombi."platforms.macos-x64"]
checksum = "sha256:a54500ba300d283a2431da46aa39a7b9b0dde1396a9694d2e5149fb6017d3966"
url = "https://github.com/tombi-toml/tombi/releases/download/v1.5.2/tombi-cli-1.5.2-x86_64-apple-darwin.tar.gz"
url_api = "https://api.github.com/repos/tombi-toml/tombi/releases/assets/545681157"
provenance = "github-attestations"

[tools.tombi."platforms.windows-x64"]
checksum = "sha256:9607cabb2cbbc81c92af06e2005dedcd625dfb0e50e511d2eee8d90495c6ae5d"
url = "https://github.com/tombi-toml/tombi/releases/download/v1.5.2/tombi-cli-1.5.2-x86_64-pc-windows-msvc.zip"
url_api = "https://api.github.com/repos/tombi-toml/tombi/releases/assets/545681166"
provenance = "github-attestations"

[[tools.typos]]
version = "1.50.1"
backend = "aqua:crate-ci/typos"
specifiers = ["latest"]

[tools.typos."platforms.linux-arm64"]
checksum = "sha256:a48feb58c517977ca953e634507c72819d64df8717c33ced3e43868d174fd39e"
url = "https://github.com/crate-ci/typos/releases/download/v1.50.1/typos-v1.50.1-aarch64-unknown-linux-musl.tar.gz"
url_api = "https://api.github.com/repos/crate-ci/typos/releases/assets/539857357"

[tools.typos."platforms.linux-arm64-musl"]
checksum = "sha256:a48feb58c517977ca953e634507c72819d64df8717c33ced3e43868d174fd39e"
url = "https://github.com/crate-ci/typos/releases/download/v1.50.1/typos-v1.50.1-aarch64-unknown-linux-musl.tar.gz"
url_api = "https://api.github.com/repos/crate-ci/typos/releases/assets/539857357"

[tools.typos."platforms.linux-x64"]
checksum = "sha256:edf0545109aee6a22751d04ddecb97c45be47d3aa0409564fb895eeeace91b1e"
url = "https://github.com/crate-ci/typos/releases/download/v1.50.1/typos-v1.50.1-x86_64-unknown-linux-musl.tar.gz"
url_api = "https://api.github.com/repos/crate-ci/typos/releases/assets/539858793"

[tools.typos."platforms.linux-x64-musl"]
checksum = "sha256:edf0545109aee6a22751d04ddecb97c45be47d3aa0409564fb895eeeace91b1e"
url = "https://github.com/crate-ci/typos/releases/download/v1.50.1/typos-v1.50.1-x86_64-unknown-linux-musl.tar.gz"
url_api = "https://api.github.com/repos/crate-ci/typos/releases/assets/539858793"

[tools.typos."platforms.macos-arm64"]
checksum = "sha256:2c940734b44b6e199e165278b662b7e17c68f068471a2a8a5e491ce635414ae6"
url = "https://github.com/crate-ci/typos/releases/download/v1.50.1/typos-v1.50.1-aarch64-apple-darwin.tar.gz"
url_api = "https://api.github.com/repos/crate-ci/typos/releases/assets/539861019"

[tools.typos."platforms.macos-x64"]
checksum = "sha256:b31ccf2f21154b2bc8d2a84f395f746106edda0feec4817fbecdb12216df53bd"
url = "https://github.com/crate-ci/typos/releases/download/v1.50.1/typos-v1.50.1-x86_64-apple-darwin.tar.gz"
url_api = "https://api.github.com/repos/crate-ci/typos/releases/assets/539861041"

[tools.typos."platforms.windows-x64"]
checksum = "sha256:8740867a0d9e44a62f0803e37a669ec3c6cd17ab63cd49d00e14a96d3e03ccc3"
url = "https://github.com/crate-ci/typos/releases/download/v1.50.1/typos-v1.50.1-x86_64-pc-windows-msvc.zip"
url_api = "https://api.github.com/repos/crate-ci/typos/releases/assets/539862554"

[[tools.usage]]
version = "6.8.0"
backend = "packslip:github.com/jdx/usage"
specifiers = ["latest"]

[[tools.zizmor]]
version = "1.30.0"
backend = "aqua:zizmorcore/zizmor"
specifiers = ["latest"]

[tools.zizmor."platforms.linux-arm64"]
checksum = "sha256:018a024d6b6d09733b07f6ef42838d984c23ec04bc9b2acd55f7d67826aeafe5"
url = "https://github.com/zizmorcore/zizmor/releases/download/v1.30.0/zizmor-aarch64-unknown-linux-gnu.tar.gz"
url_api = "https://api.github.com/repos/zizmorcore/zizmor/releases/assets/537081734"
provenance = "github-attestations"

[tools.zizmor."platforms.linux-arm64-musl"]
provenance = "github-attestations"

[tools.zizmor."platforms.linux-x64"]
checksum = "sha256:ec8c95cd800845abb9bbc5f377ec7c57d2eb8e2386a00a201d3a74ee4092e5ed"
url = "https://github.com/zizmorcore/zizmor/releases/download/v1.30.0/zizmor-x86_64-unknown-linux-gnu.tar.gz"
url_api = "https://api.github.com/repos/zizmorcore/zizmor/releases/assets/537081732"
provenance = "github-attestations"

[tools.zizmor."platforms.linux-x64-musl"]
provenance = "github-attestations"

[tools.zizmor."platforms.macos-arm64"]
checksum = "sha256:c9c5d83730efb86f2cd71b487605c00a4d63903e4f9458485ed5eac3b1924ab1"
url = "https://github.com/zizmorcore/zizmor/releases/download/v1.30.0/zizmor-aarch64-apple-darwin.tar.gz"
url_api = "https://api.github.com/repos/zizmorcore/zizmor/releases/assets/537081737"
provenance = "github-attestations"

[tools.zizmor."platforms.macos-x64"]
checksum = "sha256:343c85c8f709edf14bf3c8781d53574975ecbb2d23c80ed1eab4932ab0a72343"
url = "https://github.com/zizmorcore/zizmor/releases/download/v1.30.0/zizmor-x86_64-apple-darwin.tar.gz"
url_api = "https://api.github.com/repos/zizmorcore/zizmor/releases/assets/537081736"
provenance = "github-attestations"

[tools.zizmor."platforms.windows-x64"]
checksum = "sha256:a2fcf298b84d3d8498a3d718bb63f0abe26823bf68a11f0f439620f8f2f878f0"
url = "https://github.com/zizmorcore/zizmor/releases/download/v1.30.0/zizmor-x86_64-pc-windows-msvc.zip"
url_api = "https://api.github.com/repos/zizmorcore/zizmor/releases/assets/537081735"
provenance = "github-attestations"
