# @generated - this file is auto-generated by `mise lock` https://mise.jdx.dev/dev-tools/mise-lock.html

lockfile_version = 1

[[tools.actionlint]]
version = "1.7.12"
backend = "aqua:rhysd/actionlint"
specifiers = ["latest"]

[tools.actionlint."platforms.linux-arm64"]
checksum = "sha256:325e971b6ba9bfa504672e29be93c24981eeb1c07576d730e9f7c8805afff0c6"
url = "https://github.com/rhysd/actionlint/releases/download/v1.7.12/actionlint_1.7.12_linux_arm64.tar.gz"
url_api = "https://api.github.com/repos/rhysd/actionlint/releases/assets/384924897"
provenance = "github-attestations"

[tools.actionlint."platforms.linux-arm64-musl"]
checksum = "sha256:325e971b6ba9bfa504672e29be93c24981eeb1c07576d730e9f7c8805afff0c6"
url = "https://github.com/rhysd/actionlint/releases/download/v1.7.12/actionlint_1.7.12_linux_arm64.tar.gz"
url_api = "https://api.github.com/repos/rhysd/actionlint/releases/assets/384924897"
provenance = "github-attestations"

[tools.actionlint."platforms.linux-x64"]
checksum = "sha256:8aca8db96f1b94770f1b0d72b6dddcb1ebb8123cb3712530b08cc387b349a3d8"
url = "https://github.com/rhysd/actionlint/releases/download/v1.7.12/actionlint_1.7.12_linux_amd64.tar.gz"
url_api = "https://api.github.com/repos/rhysd/actionlint/releases/assets/384924896"
provenance = "github-attestations"

[tools.actionlint."platforms.linux-x64-musl"]
checksum = "sha256:8aca8db96f1b94770f1b0d72b6dddcb1ebb8123cb3712530b08cc387b349a3d8"
url = "https://github.com/rhysd/actionlint/releases/download/v1.7.12/actionlint_1.7.12_linux_amd64.tar.gz"
url_api = "https://api.github.com/repos/rhysd/actionlint/releases/assets/384924896"
provenance = "github-attestations"

[tools.actionlint."platforms.macos-arm64"]
checksum = "sha256:aba9ced2dee8d27fecca3dc7feb1a7f9a52caefa1eb46f3271ea66b6e0e6953f"
url = "https://github.com/rhysd/actionlint/releases/download/v1.7.12/actionlint_1.7.12_darwin_arm64.tar.gz"
url_api = "https://api.github.com/repos/rhysd/actionlint/releases/assets/384924893"
provenance = "github-attestations"

[tools.actionlint."platforms.macos-x64"]
checksum = "sha256:5b44c3bc2255115c9b69e30efc0fecdf498fdb63c5d58e17084fd5f16324c644"
url = "https://github.com/rhysd/actionlint/releases/download/v1.7.12/actionlint_1.7.12_darwin_amd64.tar.gz"
url_api = "https://api.github.com/repos/rhysd/actionlint/releases/assets/384924880"
provenance = "github-attestations"

[tools.actionlint."platforms.windows-x64"]
checksum = "sha256:6e7241b51e6817ea6a047693d8e6fed13b31819c9a0dd6c5a726e1592d22f6e9"
url = "https://github.com/rhysd/actionlint/releases/download/v1.7.12/actionlint_1.7.12_windows_amd64.zip"
url_api = "https://api.github.com/repos/rhysd/actionlint/releases/assets/384924919"
provenance = "github-attestations"

[[tools."aqua:taiki-e/cargo-llvm-cov"]]
version = "0.9.1"
backend = "aqua:taiki-e/cargo-llvm-cov"
specifiers = ["latest"]

[tools."aqua:taiki-e/cargo-llvm-cov"."platforms.linux-arm64"]
checksum = "sha256:abf5f13c1520f8756d2192bfaaeadb0208f5b7eaa8cadc15bf847befa42b7360"
url = "https://github.com/taiki-e/cargo-llvm-cov/releases/download/v0.9.1/cargo-llvm-cov-aarch64-unknown-linux-gnu.tar.gz"
url_api = "https://api.github.com/repos/taiki-e/cargo-llvm-cov/releases/assets/547403281"
provenance = "github-attestations"

[tools."aqua:taiki-e/cargo-llvm-cov"."platforms.linux-arm64-musl"]
checksum = "sha256:49c0085628392a8d727c4464d91ec417c613c5015f5197cd16d5c05aa3fb5ad1"
url = "https://github.com/taiki-e/cargo-llvm-cov/releases/download/v0.9.1/cargo-llvm-cov-aarch64-unknown-linux-musl.tar.gz"
url_api = "https://api.github.com/repos/taiki-e/cargo-llvm-cov/releases/assets/547403283"
provenance = "github-attestations"

[tools."aqua:taiki-e/cargo-llvm-cov"."platforms.linux-x64"]
checksum = "sha256:b3f68e625481fed9b16444174f3fa5ebcdbde4a1878803a35eabe2dcefcdc41a"
url = "https://github.com/taiki-e/cargo-llvm-cov/releases/download/v0.9.1/cargo-llvm-cov-x86_64-unknown-linux-gnu.tar.gz"
url_api = "https://api.github.com/repos/taiki-e/cargo-llvm-cov/releases/assets/547403171"
provenance = "github-attestations"

[tools."aqua:taiki-e/cargo-llvm-cov"."platforms.linux-x64-musl"]
checksum = "sha256:3fca950394a3c49457657c158b1619cec8dfd2647ae5b48746734c0ab969a522"
url = "https://github.com/taiki-e/cargo-llvm-cov/releases/download/v0.9.1/cargo-llvm-cov-x86_64-unknown-linux-musl.tar.gz"
url_api = "https://api.github.com/repos/taiki-e/cargo-llvm-cov/releases/assets/547403186"
provenance = "github-attestations"

[tools."aqua:taiki-e/cargo-llvm-cov"."platforms.macos-arm64"]
checksum = "sha256:7e821a6c90c0884f79f759f5d9be50799ade67bb82515186d922f26032ef43b8"
url = "https://github.com/taiki-e/cargo-llvm-cov/releases/download/v0.9.1/cargo-llvm-cov-aarch64-apple-darwin.tar.gz"
url_api = "https://api.github.com/repos/taiki-e/cargo-llvm-cov/releases/assets/547403359"
provenance = "github-attestations"

[tools."aqua:taiki-e/cargo-llvm-cov"."platforms.macos-x64"]
checksum = "sha256:ddf949b82a63017441ea76aa068bdd7e2dde8055f47cd3ef736fdbbd633bc33e"
url = "https://github.com/taiki-e/cargo-llvm-cov/releases/download/v0.9.1/cargo-llvm-cov-x86_64-apple-darwin.tar.gz"
url_api = "https://api.github.com/repos/taiki-e/cargo-llvm-cov/releases/assets/547403156"
provenance = "github-attestations"

[tools."aqua:taiki-e/cargo-llvm-cov"."platforms.windows-x64"]
checksum = "sha256:15eefd5b90fcdd4006b727c6e710d70a61aff509fcd7bb37f9c2a35c4f024948"
url = "https://github.com/taiki-e/cargo-llvm-cov/releases/download/v0.9.1/cargo-llvm-cov-x86_64-pc-windows-msvc.tar.gz"
url_api = "https://api.github.com/repos/taiki-e/cargo-llvm-cov/releases/assets/547404213"
provenance = "github-attestations"

[[tools.betterleaks]]
version = "1.8.1"
backend = "aqua:betterleaks/betterleaks"
specifiers = ["latest"]

[tools.betterleaks."platforms.linux-arm64"]
checksum = "sha256:bbb578b12a2f65d7082ab436abf37724232bc71d8a078e3c41336574420f1b48"
url = "https://github.com/betterleaks/betterleaks/releases/download/v1.8.1/betterleaks_1.8.1_linux_arm64.tar.gz"
url_api = "https://api.github.com/repos/betterleaks/betterleaks/releases/assets/519981771"
provenance = "cosign"

[tools.betterleaks."platforms.linux-arm64-musl"]
checksum = "sha256:bbb578b12a2f65d7082ab436abf37724232bc71d8a078e3c41336574420f1b48"
url = "https://github.com/betterleaks/betterleaks/releases/download/v1.8.1/betterleaks_1.8.1_linux_arm64.tar.gz"
url_api = "https://api.github.com/repos/betterleaks/betterleaks/releases/assets/519981771"
provenance = "cosign"

[tools.betterleaks."platforms.linux-x64"]
checksum = "sha256:efa407244e1ea8e35f582b8a42becdeac08bdead04f68eb752adda722d583c2a"
url = "https://github.com/betterleaks/betterleaks/releases/download/v1.8.1/betterleaks_1.8.1_linux_x64.tar.gz"
url_api = "https://api.github.com/repos/betterleaks/betterleaks/releases/assets/519981768"
provenance = "cosign"

[tools.betterleaks."platforms.linux-x64-musl"]
checksum = "sha256:efa407244e1ea8e35f582b8a42becdeac08bdead04f68eb752adda722d583c2a"
url = "https://github.com/betterleaks/betterleaks/releases/download/v1.8.1/betterleaks_1.8.1_linux_x64.tar.gz"
url_api = "https://api.github.com/repos/betterleaks/betterleaks/releases/assets/519981768"
provenance = "cosign"

[tools.betterleaks."platforms.macos-arm64"]
checksum = "sha256:8e80f33b5f2a7426b390347b9fd466033723cb94b6bdffa7572632e2eaec964e"
url = "https://github.com/betterleaks/betterleaks/releases/download/v1.8.1/betterleaks_1.8.1_darwin_arm64.tar.gz"
url_api = "https://api.github.com/repos/betterleaks/betterleaks/releases/assets/519981770"
provenance = "cosign"

[tools.betterleaks."platforms.macos-x64"]
checksum = "sha256:6abc37df76f881cffae406aa2cec72bea6e6ae64b4e771b3ed21b4aac472ed10"
url = "https://github.com/betterleaks/betterleaks/releases/download/v1.8.1/betterleaks_1.8.1_darwin_x64.tar.gz"
url_api = "https://api.github.com/repos/betterleaks/betterleaks/releases/assets/519981772"
provenance = "cosign"

[tools.betterleaks."platforms.windows-x64"]
checksum = "sha256:94310d028285a1bcce7f160bc19eb62f87de6460c95bfd4319151ef5b501ed3f"
url = "https://github.com/betterleaks/betterleaks/releases/download/v1.8.1/betterleaks_1.8.1_windows_x64.zip"
url_api = "https://api.github.com/repos/betterleaks/betterleaks/releases/assets/519981798"
provenance = "cosign"

[[tools."cargo:https://github.com/ClickHouse/clickhouse-analyzer"]]
version = "HEAD"
backend = "cargo:https://github.com/ClickHouse/clickhouse-analyzer"
specifiers = ["latest"]

[tools."cargo:https://github.com/ClickHouse/clickhouse-analyzer".options]
bin = "clickhouse-lsp"
crate = "clickhouse-analyzer"
features = "lsp"

[[tools.editorconfig-checker]]
version = "4.0.2"
backend = "github:editorconfig-checker/editorconfig-checker"
specifiers = ["latest"]

[tools.editorconfig-checker."platforms.linux-arm64"]
checksum = "sha256:abad76da8c9950fdc2a314bcd66969172aa823e9c595fa7e3a389a91e34d025e"
url = "https://github.com/editorconfig-checker/editorconfig-checker/releases/download/v4.0.2/editorconfig-checker-linux-arm64.tar.gz"
url_api = "https://api.github.com/repos/editorconfig-checker/editorconfig-checker/releases/assets/574675779"
provenance = "github-attestations"

[tools.editorconfig-checker."platforms.linux-arm64-musl"]
checksum = "sha256:abad76da8c9950fdc2a314bcd66969172aa823e9c595fa7e3a389a91e34d025e"
url = "https://github.com/editorconfig-checker/editorconfig-checker/releases/download/v4.0.2/editorconfig-checker-linux-arm64.tar.gz"
url_api = "https://api.github.com/repos/editorconfig-checker/editorconfig-checker/releases/assets/574675779"
provenance = "github-attestations"

[tools.editorconfig-checker."platforms.linux-x64"]
checksum = "sha256:44efaef3ed14c6ab52eb87481d78e5e5c204796dccf26e2f4598a61ba17f8003"
url = "https://github.com/editorconfig-checker/editorconfig-checker/releases/download/v4.0.2/editorconfig-checker-linux-amd64.tar.gz"
url_api = "https://api.github.com/repos/editorconfig-checker/editorconfig-checker/releases/assets/574675771"
provenance = "github-attestations"

[tools.editorconfig-checker."platforms.linux-x64-musl"]
checksum = "sha256:44efaef3ed14c6ab52eb87481d78e5e5c204796dccf26e2f4598a61ba17f8003"
url = "https://github.com/editorconfig-checker/editorconfig-checker/releases/download/v4.0.2/editorconfig-checker-linux-amd64.tar.gz"
url_api = "https://api.github.com/repos/editorconfig-checker/editorconfig-checker/releases/assets/574675771"
provenance = "github-attestations"

[tools.editorconfig-checker."platforms.macos-arm64"]
checksum = "sha256:ff59f57717d95fc62b8e372c8051dbbb766f7d660942409a85d027b0feb2422c"
url = "https://github.com/editorconfig-checker/editorconfig-checker/releases/download/v4.0.2/editorconfig-checker-darwin-all.tar.gz"
url_api = "https://api.github.com/repos/editorconfig-checker/editorconfig-checker/releases/assets/574675773"
provenance = "github-attestations"

[tools.editorconfig-checker."platforms.macos-x64"]
checksum = "sha256:ff59f57717d95fc62b8e372c8051dbbb766f7d660942409a85d027b0feb2422c"
url = "https://github.com/editorconfig-checker/editorconfig-checker/releases/download/v4.0.2/editorconfig-checker-darwin-all.tar.gz"
url_api = "https://api.github.com/repos/editorconfig-checker/editorconfig-checker/releases/assets/574675773"
provenance = "github-attestations"

[tools.editorconfig-checker."platforms.windows-x64"]
checksum = "sha256:857f8f74dfc259d73dac93573e37cf3ce01150787d7b139bf839549cc6b5beb9"
url = "https://github.com/editorconfig-checker/editorconfig-checker/releases/download/v4.0.2/editorconfig-checker-windows-amd64.zip"
url_api = "https://api.github.com/repos/editorconfig-checker/editorconfig-checker/releases/assets/574675794"
provenance = "github-attestations"

[[tools.ghalint]]
version = "1.5.6"
backend = "aqua:suzuki-shunsuke/ghalint"
specifiers = ["latest"]

[tools.ghalint."platforms.linux-arm64"]
checksum = "sha256:203a22c70b40bb161626973ad2a8dd06aeb736699fc8e03dd425dee8ff3406e6"
url = "https://github.com/suzuki-shunsuke/ghalint/releases/download/v1.5.6/ghalint_1.5.6_linux_arm64.tar.gz"
url_api = "https://api.github.com/repos/suzuki-shunsuke/ghalint/releases/assets/409631231"

[tools.ghalint."platforms.linux-arm64-musl"]
checksum = "sha256:203a22c70b40bb161626973ad2a8dd06aeb736699fc8e03dd425dee8ff3406e6"
url = "https://github.com/suzuki-shunsuke/ghalint/releases/download/v1.5.6/ghalint_1.5.6_linux_arm64.tar.gz"
url_api = "https://api.github.com/repos/suzuki-shunsuke/ghalint/releases/assets/409631231"

[tools.ghalint."platforms.linux-x64"]
checksum = "sha256:98ee0e3330de7286f470d1e89c03ff7ce70d7a5998ba0f15969c400447be579c"
url = "https://github.com/suzuki-shunsuke/ghalint/releases/download/v1.5.6/ghalint_1.5.6_linux_amd64.tar.gz"
url_api = "https://api.github.com/repos/suzuki-shunsuke/ghalint/releases/assets/409631220"

[tools.ghalint."platforms.linux-x64-musl"]
checksum = "sha256:98ee0e3330de7286f470d1e89c03ff7ce70d7a5998ba0f15969c400447be579c"
url = "https://github.com/suzuki-shunsuke/ghalint/releases/download/v1.5.6/ghalint_1.5.6_linux_amd64.tar.gz"
url_api = "https://api.github.com/repos/suzuki-shunsuke/ghalint/releases/assets/409631220"

[tools.ghalint."platforms.macos-arm64"]
checksum = "sha256:1262cac411e27b4653e6b66b7b06580ebcc2026fdd903e12e6cb0e4591639de6"
url = "https://github.com/suzuki-shunsuke/ghalint/releases/download/v1.5.6/ghalint_1.5.6_darwin_arm64.tar.gz"
url_api = "https://api.github.com/repos/suzuki-shunsuke/ghalint/releases/assets/409631219"

[tools.ghalint."platforms.macos-x64"]
checksum = "sha256:d2a0e8605333068065dcf4c9b7b7a24891eda1750ac01fb755dfba426a390883"
url = "https://github.com/suzuki-shunsuke/ghalint/releases/download/v1.5.6/ghalint_1.5.6_darwin_amd64.tar.gz"
url_api = "https://api.github.com/repos/suzuki-shunsuke/ghalint/releases/assets/409631204"

[tools.ghalint."platforms.windows-x64"]
checksum = "sha256:109ea9b39c8e263cef924bd3b4fe5505964204f934ca60d986f4090d01a99ba5"
url = "https://github.com/suzuki-shunsuke/ghalint/releases/download/v1.5.6/ghalint_1.5.6_windows_amd64.zip"
url_api = "https://api.github.com/repos/suzuki-shunsuke/ghalint/releases/assets/409631234"

[[tools."github:ClickHouse/clickhousectl"]]
version = "0.4.2"
backend = "github:ClickHouse/clickhousectl"
specifiers = ["latest"]

[tools."github:ClickHouse/clickhousectl"."platforms.linux-arm64"]
checksum = "sha256:b8b8771c5e6a9a3d9f4649200c7c74a7c30daf7027e0628cfc14a6f2bf083e06"
url = "https://github.com/ClickHouse/clickhousectl/releases/download/v0.4.2/clickhousectl-aarch64-unknown-linux-musl-v0.4.2.tar.gz"
url_api = "https://api.github.com/repos/ClickHouse/clickhousectl/releases/assets/543017748"

[tools."github:ClickHouse/clickhousectl"."platforms.linux-arm64-musl"]
checksum = "sha256:b8b8771c5e6a9a3d9f4649200c7c74a7c30daf7027e0628cfc14a6f2bf083e06"
url = "https://github.com/ClickHouse/clickhousectl/releases/download/v0.4.2/clickhousectl-aarch64-unknown-linux-musl-v0.4.2.tar.gz"
url_api = "https://api.github.com/repos/ClickHouse/clickhousectl/releases/assets/543017748"

[tools."github:ClickHouse/clickhousectl"."platforms.linux-x64"]
checksum = "sha256:1d42e3834cd5781ee04efd3a926daed89b19318bf550044e7930ebd8c5c48658"
url = "https://github.com/ClickHouse/clickhousectl/releases/download/v0.4.2/clickhousectl-x86_64-unknown-linux-musl-v0.4.2.tar.gz"
url_api = "https://api.github.com/repos/ClickHouse/clickhousectl/releases/assets/543017749"

[tools."github:ClickHouse/clickhousectl"."platforms.linux-x64-musl"]
checksum = "sha256:1d42e3834cd5781ee04efd3a926daed89b19318bf550044e7930ebd8c5c48658"
url = "https://github.com/ClickHouse/clickhousectl/releases/download/v0.4.2/clickhousectl-x86_64-unknown-linux-musl-v0.4.2.tar.gz"
url_api = "https://api.github.com/repos/ClickHouse/clickhousectl/releases/assets/543017749"

[tools."github:ClickHouse/clickhousectl"."platforms.macos-arm64"]
checksum = "sha256:7d157ea20c3c13c9bacc47fd447b85e44482a27dc44512beaa4eee7acf956e90"
url = "https://github.com/ClickHouse/clickhousectl/releases/download/v0.4.2/clickhousectl-aarch64-apple-darwin-v0.4.2.tar.gz"
url_api = "https://api.github.com/repos/ClickHouse/clickhousectl/releases/assets/543017751"

[tools."github:ClickHouse/clickhousectl"."platforms.macos-x64"]
checksum = "sha256:f997638a37b63400fb50664a4455b5105a5112cd20cf1ce7abc064aa9bbf99e6"
url = "https://github.com/ClickHouse/clickhousectl/releases/download/v0.4.2/clickhousectl-x86_64-apple-darwin-v0.4.2.tar.gz"
url_api = "https://api.github.com/repos/ClickHouse/clickhousectl/releases/assets/543017750"

[[tools."github:JFRyy/systemd-lsp"]]
version = "2026.09.28"
backend = "github:JFRyy/systemd-lsp"
specifiers = ["latest"]

[tools."github:JFRyy/systemd-lsp"."platforms.linux-x64"]
checksum = "sha256:44faddc82a54e42483f51ae5616714fa699f54369d6f1eb1d925dbadd017101b"
url = "https://github.com/JFryy/systemd-lsp/releases/download/v2026.09.28/systemd-lsp-x86_64-unknown-linux-gnu"
url_api = "https://api.github.com/repos/JFryy/systemd-lsp/releases/assets/594269451"

[tools."github:JFRyy/systemd-lsp"."platforms.linux-x64-musl"]
checksum = "sha256:44faddc82a54e42483f51ae5616714fa699f54369d6f1eb1d925dbadd017101b"
url = "https://github.com/JFryy/systemd-lsp/releases/download/v2026.09.28/systemd-lsp-x86_64-unknown-linux-gnu"
url_api = "https://api.github.com/repos/JFryy/systemd-lsp/releases/assets/594269451"

[tools."github:JFRyy/systemd-lsp"."platforms.macos-arm64"]
checksum = "sha256:dbd458dfd7b594987ff5d06eb8d384e470fe85f0d4a4303bb895d2788bbd9a79"
url = "https://github.com/JFryy/systemd-lsp/releases/download/v2026.09.28/systemd-lsp-aarch64-apple-darwin"
url_api = "https://api.github.com/repos/JFryy/systemd-lsp/releases/assets/594269450"

[tools."github:JFRyy/systemd-lsp"."platforms.macos-x64"]
checksum = "sha256:17d6ff826b5dff5688c4441232979e16e108e8cc1db9ee80215d686940938eb1"
url = "https://github.com/JFryy/systemd-lsp/releases/download/v2026.09.28/systemd-lsp-x86_64-apple-darwin"
url_api = "https://api.github.com/repos/JFryy/systemd-lsp/releases/assets/594269449"

[tools."github:JFRyy/systemd-lsp"."platforms.windows-x64"]
checksum = "sha256:8c79e374aaf97b00a1a0d79360f8870b646b3db94ee9e4f8f53223a9067c22f1"
url = "https://github.com/JFryy/systemd-lsp/releases/download/v2026.09.28/systemd-lsp-x86_64-pc-windows-msvc.exe"
url_api = "https://api.github.com/repos/JFryy/systemd-lsp/releases/assets/594269447"

[[tools."github:mhersson/mpls"]]
version = "0.23.0"
backend = "github:mhersson/mpls"
specifiers = ["latest"]

[tools."github:mhersson/mpls"."platforms.linux-arm64"]
checksum = "sha256:57de8e1d6f6695329e1a641df9beb404cc6218ad6b30f3c6efb86186eb491b57"
url = "https://github.com/mhersson/mpls/releases/download/v0.23.0/mpls_0.23.0_linux_arm64.tar.gz"
url_api = "https://api.github.com/repos/mhersson/mpls/releases/assets/574698500"

[tools."github:mhersson/mpls"."platforms.linux-arm64-musl"]
checksum = "sha256:57de8e1d6f6695329e1a641df9beb404cc6218ad6b30f3c6efb86186eb491b57"
url = "https://github.com/mhersson/mpls/releases/download/v0.23.0/mpls_0.23.0_linux_arm64.tar.gz"
url_api = "https://api.github.com/repos/mhersson/mpls/releases/assets/574698500"

[tools."github:mhersson/mpls"."platforms.linux-x64"]
checksum = "sha256:83887b4df42e7e37a651c258b42345264c6a9f16be39849b454e68dbdb1f02df"
url = "https://github.com/mhersson/mpls/releases/download/v0.23.0/mpls_0.23.0_linux_amd64.tar.gz"
url_api = "https://api.github.com/repos/mhersson/mpls/releases/assets/574698501"

[tools."github:mhersson/mpls"."platforms.linux-x64-musl"]
checksum = "sha256:83887b4df42e7e37a651c258b42345264c6a9f16be39849b454e68dbdb1f02df"
url = "https://github.com/mhersson/mpls/releases/download/v0.23.0/mpls_0.23.0_linux_amd64.tar.gz"
url_api = "https://api.github.com/repos/mhersson/mpls/releases/assets/574698501"

[tools."github:mhersson/mpls"."platforms.macos-arm64"]
checksum = "sha256:7ab02679638e9ca6b951cfc9c9bfa1f1e716728a3a04eebfe7dcb624fd3ad334"
url = "https://github.com/mhersson/mpls/releases/download/v0.23.0/mpls_0.23.0_darwin_arm64.tar.gz"
url_api = "https://api.github.com/repos/mhersson/mpls/releases/assets/574698498"

[tools."github:mhersson/mpls"."platforms.macos-x64"]
checksum = "sha256:9091141b87f7dee5b8f5b56213a328c22b414c0b27cd90a5e86b3d6acee50ca1"
url = "https://github.com/mhersson/mpls/releases/download/v0.23.0/mpls_0.23.0_darwin_amd64.tar.gz"
url_api = "https://api.github.com/repos/mhersson/mpls/releases/assets/574698499"

[tools."github:mhersson/mpls"."platforms.windows-x64"]
checksum = "sha256:522292b04773a8141e4ad533df3a8a83ed0eaa528ab944110a1f72732443ef91"
url = "https://github.com/mhersson/mpls/releases/download/v0.23.0/mpls_0.23.0_windows_amd64.zip"
url_api = "https://api.github.com/repos/mhersson/mpls/releases/assets/574698529"

[[tools.hk]]
version = "2.4.0"
backend = "packslip:github.com/jdx/hk"
specifiers = ["latest"]

[tools.hk."platforms.linux-arm64"]
checksum = "sha256:836235bd8aa06f25e7ff28591b32efb5297abe55366e912095636a49ffe4d363"
url = "https://github.com/jdx/hk/releases/download/v2.4.0/hk-aarch64-unknown-linux-gnu.tar.gz"
signer = "sigstore-oidc:https://github.com/jdx/hk/.github/workflows/release.yml"

[tools.hk."platforms.linux-arm64-musl"]
checksum = "sha256:ad5c5a556e0a505d9a3441868217976bd4ae610e1364e93516993b9717d9ef28"
url = "https://github.com/jdx/hk/releases/download/v2.4.0/hk-aarch64-unknown-linux-musl.tar.gz"
signer = "sigstore-oidc:https://github.com/jdx/hk/.github/workflows/release.yml"

[tools.hk."platforms.linux-x64"]
checksum = "sha256:6efabe30aeabc4611a42ce6cf0fd46b9a19478e2cfd9acfd1bd93998736f3153"
url = "https://github.com/jdx/hk/releases/download/v2.4.0/hk-x86_64-unknown-linux-gnu.tar.gz"
signer = "sigstore-oidc:https://github.com/jdx/hk/.github/workflows/release.yml"

[tools.hk."platforms.linux-x64-musl"]
checksum = "sha256:f34598671ca40be5c308324a60ef30b736dbbbf4259dfb511abd79009ee4de2a"
url = "https://github.com/jdx/hk/releases/download/v2.4.0/hk-x86_64-unknown-linux-musl.tar.gz"
signer = "sigstore-oidc:https://github.com/jdx/hk/.github/workflows/release.yml"

[tools.hk."platforms.macos-arm64"]
checksum = "sha256:6e1c970b9de7ab4ee52c85869b2ea9cfe8769d25a0fe9536062e0ba62366ec59"
url = "https://github.com/jdx/hk/releases/download/v2.4.0/hk-aarch64-apple-darwin.tar.gz"
signer = "sigstore-oidc:https://github.com/jdx/hk/.github/workflows/release.yml"

[tools.hk."platforms.windows-x64"]
checksum = "sha256:028931e00fd670ad891a428bf44e14ac8e2726a8f72b7fae80b27b6502af2be3"
url = "https://github.com/jdx/hk/releases/download/v2.4.0/hk-x86_64-pc-windows-msvc.zip"
signer = "sigstore-oidc:https://github.com/jdx/hk/.github/workflows/release.yml"

[[tools.marksman]]
version = "2026-02-08"
backend = "aqua:artempyanykh/marksman"
specifiers = ["latest"]

[tools.marksman."platforms.linux-arm64"]
checksum = "sha256:db8e124527f7f8048e3e6c91821b9c52ef173d92c01e47d221bf1337afd962fb"
url = "https://github.com/artempyanykh/marksman/releases/download/2026-02-08/marksman-linux-arm64"
url_api = "https://api.github.com/repos/artempyanykh/marksman/releases/assets/352747912"

[tools.marksman."platforms.linux-arm64-musl"]
checksum = "sha256:cd3b91b630042cc09b20505583203f875fbb4bf2fdf74dd6d87fddc3238d2798"
url = "https://github.com/artempyanykh/marksman/releases/download/2026-02-08/marksman-linux-musl-arm64"
url_api = "https://api.github.com/repos/artempyanykh/marksman/releases/assets/352747925"

[tools.marksman."platforms.linux-x64"]
checksum = "sha256:be5098e8213219269c47fc0d916a66fa31ce0602ec967475c722260aabf26087"
url = "https://github.com/artempyanykh/marksman/releases/download/2026-02-08/marksman-linux-x64"
url_api = "https://api.github.com/repos/artempyanykh/marksman/releases/assets/352747902"

[tools.marksman."platforms.linux-x64-musl"]
checksum = "sha256:d33df4544bb1f9f1b93b862ea78375ca8c04cd467ed2bcee354d605fc483ceee"
url = "https://github.com/artempyanykh/marksman/releases/download/2026-02-08/marksman-linux-musl-x64"
url_api = "https://api.github.com/repos/artempyanykh/marksman/releases/assets/352747928"

[tools.marksman."platforms.macos-arm64"]
checksum = "sha256:6a801c17b5ac0dba69787c5282b3b3bd416e66c96253fae098d311c6bbd1833b"
url = "https://github.com/artempyanykh/marksman/releases/download/2026-02-08/marksman-macos"
url_api = "https://api.github.com/repos/artempyanykh/marksman/releases/assets/352747961"

[tools.marksman."platforms.macos-x64"]
checksum = "sha256:6a801c17b5ac0dba69787c5282b3b3bd416e66c96253fae098d311c6bbd1833b"
url = "https://github.com/artempyanykh/marksman/releases/download/2026-02-08/marksman-macos"
url_api = "https://api.github.com/repos/artempyanykh/marksman/releases/assets/352747961"

[tools.marksman."platforms.windows-x64"]
checksum = "sha256:a6d05beb08ebe41b0a9f09c98a438540421436fa5531424c22e0bb1d22529705"
url = "https://github.com/artempyanykh/marksman/releases/download/2026-02-08/marksman.exe"
url_api = "https://api.github.com/repos/artempyanykh/marksman/releases/assets/352747911"

[[tools.node]]
version = "24.21.0"
backend = "core:node"
specifiers = ["lts"]

[tools.node."platforms.linux-arm64"]
checksum = "sha256:724282c3b43aec998aa9527380465b45d229e021b58035f5f4f63095eabfe5d5"
url = "https://nodejs.org/dist/v24.21.0/node-v24.21.0-linux-arm64.tar.gz"

[tools.node."platforms.linux-arm64-musl"]
checksum = "sha256:3048b0811e158ca0d8672b59c839861763e144492980d8d29b369dfee45747e4"
url = "https://unofficial-builds.nodejs.org/download/release/v24.21.0/node-v24.21.0-linux-arm64-musl.tar.gz"

[tools.node."platforms.linux-x64"]
checksum = "sha256:6e1db87ef58b8819e5d5402eff1536491b18edd8eb7bee5ef7897876e88dc5ff"
url = "https://nodejs.org/dist/v24.21.0/node-v24.21.0-linux-x64.tar.gz"

[tools.node."platforms.linux-x64-musl"]
checksum = "sha256:01a713e34da98e7b4d2a3191ee7ca3f93dd0384d1a2ef23c379b2161ee6e133a"
url = "https://unofficial-builds.nodejs.org/download/release/v24.21.0/node-v24.21.0-linux-x64-musl.tar.gz"

[tools.node."platforms.macos-arm64"]
checksum = "sha256:bed7eea5325e1108f32ce5228ddd6a5f0f08a499ee42aa7442aea583702f6057"
url = "https://nodejs.org/dist/v24.21.0/node-v24.21.0-darwin-arm64.tar.gz"

[tools.node."platforms.macos-x64"]
checksum = "sha256:1462cb3b3046b815cf8ea436d3da450ec1a9f11dac7e5a46b0ada5305d7e8097"
url = "https://nodejs.org/dist/v24.21.0/node-v24.21.0-darwin-x64.tar.gz"

[tools.node."platforms.windows-x64"]
checksum = "sha256:158f7685b44de51f6c0df1d153526cbcd3e1bc739a8dfc607721cef75de9e541"
url = "https://nodejs.org/dist/v24.21.0/node-v24.21.0-win-x64.zip"

[[tools."npm:bash-language-server"]]
version = "5.8.1"
backend = "npm:bash-language-server"
specifiers = ["latest"]

[[tools."npm:yaml-language-server"]]
version = "1.24.0"
backend = "npm:yaml-language-server"
specifiers = ["latest"]

[[tools.pinact]]
version = "5.0.0"
backend = "aqua:suzuki-shunsuke/pinact"
specifiers = ["latest"]

[tools.pinact."platforms.linux-arm64"]
checksum = "sha256:d28ca5e9ddd7950da4a808288f8a83f84fc3ca40e86bab970f3adeef33578c0b"
url = "https://github.com/suzuki-shunsuke/pinact/releases/download/v5.0.0/pinact_linux_arm64.tar.gz"
url_api = "https://api.github.com/repos/suzuki-shunsuke/pinact/releases/assets/558638070"
provenance = "github-attestations"

[tools.pinact."platforms.linux-arm64-musl"]
checksum = "sha256:d28ca5e9ddd7950da4a808288f8a83f84fc3ca40e86bab970f3adeef33578c0b"
url = "https://github.com/suzuki-shunsuke/pinact/releases/download/v5.0.0/pinact_linux_arm64.tar.gz"
url_api = "https://api.github.com/repos/suzuki-shunsuke/pinact/releases/assets/558638070"
provenance = "github-attestations"

[tools.pinact."platforms.linux-x64"]
checksum = "sha256:d005bbb85da80dacdc07816f24a5da723a9f6d1e9f3d3e7e73df33f9caa1358f"
url = "https://github.com/suzuki-shunsuke/pinact/releases/download/v5.0.0/pinact_linux_amd64.tar.gz"
url_api = "https://api.github.com/repos/suzuki-shunsuke/pinact/releases/assets/558638065"
provenance = "github-attestations"

[tools.pinact."platforms.linux-x64-musl"]
checksum = "sha256:d005bbb85da80dacdc07816f24a5da723a9f6d1e9f3d3e7e73df33f9caa1358f"
url = "https://github.com/suzuki-shunsuke/pinact/releases/download/v5.0.0/pinact_linux_amd64.tar.gz"
url_api = "https://api.github.com/repos/suzuki-shunsuke/pinact/releases/assets/558638065"
provenance = "github-attestations"

[tools.pinact."platforms.macos-arm64"]
checksum = "sha256:3437ebfc9db720e431e86fd03ed19173b88dcb80b0f177d11a892126108661b5"
url = "https://github.com/suzuki-shunsuke/pinact/releases/download/v5.0.0/pinact_darwin_arm64.tar.gz"
url_api = "https://api.github.com/repos/suzuki-shunsuke/pinact/releases/assets/558638064"
provenance = "github-attestations"

[tools.pinact."platforms.macos-x64"]
checksum = "sha256:da5532bd185a9d3a16a1f93774f835574e0c50bc74c2085b9917b9df3e9fbbaa"
url = "https://github.com/suzuki-shunsuke/pinact/releases/download/v5.0.0/pinact_darwin_amd64.tar.gz"
url_api = "https://api.github.com/repos/suzuki-shunsuke/pinact/releases/assets/558638050"
provenance = "github-attestations"

[tools.pinact."platforms.windows-x64"]
checksum = "sha256:df2f590f24c2bfe65a35010bffb4369ba0792c9afaf7fb324b2330895a37d19f"
url = "https://github.com/suzuki-shunsuke/pinact/releases/download/v5.0.0/pinact_windows_amd64.zip"
url_api = "https://api.github.com/repos/suzuki-shunsuke/pinact/releases/assets/558638100"
provenance = "github-attestations"

[[tools.pkl]]
version = "0.32.1"
backend = "aqua:apple/pkl"
specifiers = ["latest"]

[tools.pkl."platforms.linux-arm64"]
checksum = "sha256:a76d2dd47da435a8f911b0347373f47c7e59ea54fb75ff846d20b8df10dba058"
url = "https://github.com/apple/pkl/releases/download/0.32.1/pkl-linux-aarch64"
url_api = "https://api.github.com/repos/apple/pkl/releases/assets/487426568"

[tools.pkl."platforms.linux-arm64-musl"]
checksum = "sha256:a76d2dd47da435a8f911b0347373f47c7e59ea54fb75ff846d20b8df10dba058"
url = "https://github.com/apple/pkl/releases/download/0.32.1/pkl-linux-aarch64"
url_api = "https://api.github.com/repos/apple/pkl/releases/assets/487426568"

[tools.pkl."platforms.linux-x64"]
checksum = "sha256:3180b62da95c0cad1d904e9bb6c5f4a8f9032413c21e53194bb91ff1ee5f3211"
url = "https://github.com/apple/pkl/releases/download/0.32.1/pkl-linux-amd64"
url_api = "https://api.github.com/repos/apple/pkl/releases/assets/487426567"

[tools.pkl."platforms.linux-x64-musl"]
checksum = "sha256:3180b62da95c0cad1d904e9bb6c5f4a8f9032413c21e53194bb91ff1ee5f3211"
url = "https://github.com/apple/pkl/releases/download/0.32.1/pkl-linux-amd64"
url_api = "https://api.github.com/repos/apple/pkl/releases/assets/487426567"

[tools.pkl."platforms.macos-arm64"]
checksum = "sha256:563eb51c9a20b16a3625464ed745c675ed9750381f2126722696a0d7cac1d9d3"
url = "https://github.com/apple/pkl/releases/download/0.32.1/pkl-macos-aarch64"
url_api = "https://api.github.com/repos/apple/pkl/releases/assets/487426570"

[tools.pkl."platforms.macos-x64"]
checksum = "sha256:5b74b903234047960144f66f2cebdd12d267d9b98e8155ed91d2ae5ed27e2d1f"
url = "https://github.com/apple/pkl/releases/download/0.32.1/pkl-macos-amd64"
url_api = "https://api.github.com/repos/apple/pkl/releases/assets/487426599"

[tools.pkl."platforms.windows-x64"]
checksum = "sha256:8550a00fcf027335e42c5e2cd553b88e98845408cb1880b3e3d1860caf46d22a"
url = "https://github.com/apple/pkl/releases/download/0.32.1/pkl-windows-amd64.exe"
url_api = "https://api.github.com/repos/apple/pkl/releases/assets/487426668"

[[tools."pypi:jsonschema-markdown"]]
version = "2026.8.0"
backend = "pypi:jsonschema-markdown"
specifiers = ["latest"]

[[tools.rumdl]]
version = "0.2.77"
backend = "aqua:rvben/rumdl"
specifiers = ["latest"]

[tools.rumdl."platforms.linux-arm64"]
checksum = "sha256:04569b09b8e7eb31f6a410b0a17e448f220906c5e8e13e8301319c3540fd4d29"
url = "https://github.com/rvben/rumdl/releases/download/v0.2.77/rumdl-v0.2.77-aarch64-unknown-linux-gnu.tar.gz"
url_api = "https://api.github.com/repos/rvben/rumdl/releases/assets/583859182"
provenance = "github-attestations"

[tools.rumdl."platforms.linux-arm64-musl"]
checksum = "sha256:cd7e0cd23697c4c0e915fb65b3566f71b4a2a0e90a392b193c418971e9ed399f"
url = "https://github.com/rvben/rumdl/releases/download/v0.2.77/rumdl-v0.2.77-aarch64-unknown-linux-musl.tar.gz"
url_api = "https://api.github.com/repos/rvben/rumdl/releases/assets/583859181"
provenance = "github-attestations"

[tools.rumdl."platforms.linux-x64"]
checksum = "sha256:cbe5cea929fbb58b64bb428a464b069f3fe12645545adedc8932e738c8bbe862"
url = "https://github.com/rvben/rumdl/releases/download/v0.2.77/rumdl-v0.2.77-x86_64-unknown-linux-gnu.tar.gz"
url_api = "https://api.github.com/repos/rvben/rumdl/releases/assets/583859172"
provenance = "github-attestations"

[tools.rumdl."platforms.linux-x64-musl"]
checksum = "sha256:0a516c0590dfd2f3cb0abfc42580464c7fadb9e631cbdffbcc5c2546ae885ad0"
url = "https://github.com/rvben/rumdl/releases/download/v0.2.77/rumdl-v0.2.77-x86_64-unknown-linux-musl.tar.gz"
url_api = "https://api.github.com/repos/rvben/rumdl/releases/assets/583859184"
provenance = "github-attestations"

[tools.rumdl."platforms.macos-arm64"]
checksum = "sha256:52744729012b44514b3b4de1431839035d7018464899c5b09627204eebfb73bb"
url = "https://github.com/rvben/rumdl/releases/download/v0.2.77/rumdl-v0.2.77-aarch64-apple-darwin.tar.gz"
url_api = "https://api.github.com/repos/rvben/rumdl/releases/assets/583859185"
provenance = "github-attestations"

[tools.rumdl."platforms.macos-x64"]
checksum = "sha256:0951dbddfa6a28274d202581f136884474fc7225349519f7ad0eb6038c4dc8ab"
url = "https://github.com/rvben/rumdl/releases/download/v0.2.77/rumdl-v0.2.77-x86_64-apple-darwin.tar.gz"
url_api = "https://api.github.com/repos/rvben/rumdl/releases/assets/583859176"
provenance = "github-attestations"

[tools.rumdl."platforms.windows-x64"]
checksum = "sha256:8b4d0f45e67c5b17aecfe992335d285019095d3f2994befc9ea44ee4cde981c2"
url = "https://github.com/rvben/rumdl/releases/download/v0.2.77/rumdl-v0.2.77-x86_64-pc-windows-msvc.zip"
url_api = "https://api.github.com/repos/rvben/rumdl/releases/assets/583859183"
provenance = "github-attestations"

[[tools.rust]]
version = "1.98.1"
backend = "core:rust"
specifiers = ["1.98.1"]

[tools.rust.options]
components = "rust-analyzer"
profile = "default"

[[tools.shellcheck]]
version = "0.11.0"
backend = "aqua:koalaman/shellcheck"
specifiers = ["latest"]

[tools.shellcheck."platforms.linux-arm64"]
checksum = "sha256:12b331c1d2db6b9eb13cfca64306b1b157a86eb69db83023e261eaa7e7c14588"
url = "https://github.com/koalaman/shellcheck/releases/download/v0.11.0/shellcheck-v0.11.0.linux.aarch64.tar.xz"
url_api = "https://api.github.com/repos/koalaman/shellcheck/releases/assets/279056934"

[tools.shellcheck."platforms.linux-arm64-musl"]
checksum = "sha256:12b331c1d2db6b9eb13cfca64306b1b157a86eb69db83023e261eaa7e7c14588"
url = "https://github.com/koalaman/shellcheck/releases/download/v0.11.0/shellcheck-v0.11.0.linux.aarch64.tar.xz"
url_api = "https://api.github.com/repos/koalaman/shellcheck/releases/assets/279056934"

[tools.shellcheck."platforms.linux-x64"]
checksum = "sha256:8c3be12b05d5c177a04c29e3c78ce89ac86f1595681cab149b65b97c4e227198"
url = "https://github.com/koalaman/shellcheck/releases/download/v0.11.0/shellcheck-v0.11.0.linux.x86_64.tar.xz"
url_api = "https://api.github.com/repos/koalaman/shellcheck/releases/assets/279056942"

[tools.shellcheck."platforms.linux-x64-musl"]
checksum = "sha256:8c3be12b05d5c177a04c29e3c78ce89ac86f1595681cab149b65b97c4e227198"
url = "https://github.com/koalaman/shellcheck/releases/download/v0.11.0/shellcheck-v0.11.0.linux.x86_64.tar.xz"
url_api = "https://api.github.com/repos/koalaman/shellcheck/releases/assets/279056942"

[tools.shellcheck."platforms.macos-arm64"]
checksum = "sha256:56affdd8de5527894dca6dc3d7e0a99a873b0f004d7aabc30ae407d3f48b0a79"
url = "https://github.com/koalaman/shellcheck/releases/download/v0.11.0/shellcheck-v0.11.0.darwin.aarch64.tar.xz"
url_api = "https://api.github.com/repos/koalaman/shellcheck/releases/assets/279056932"

[tools.shellcheck."platforms.macos-x64"]
checksum = "sha256:3c89db4edcab7cf1c27bff178882e0f6f27f7afdf54e859fa041fca10febe4c6"
url = "https://github.com/koalaman/shellcheck/releases/download/v0.11.0/shellcheck-v0.11.0.darwin.x86_64.tar.xz"
url_api = "https://api.github.com/repos/koalaman/shellcheck/releases/assets/279056930"

[tools.shellcheck."platforms.windows-x64"]
checksum = "sha256:8a4e35ab0b331c85d73567b12f2a444df187f483e5079ceffa6bda1faa2e740e"
url = "https://github.com/koalaman/shellcheck/releases/download/v0.11.0/shellcheck-v0.11.0.zip"
url_api = "https://api.github.com/repos/koalaman/shellcheck/releases/assets/279056944"

[[tools.shfmt]]
version = "3.14.1"
backend = "aqua:mvdan/sh"
specifiers = ["latest"]

[tools.shfmt."platforms.linux-arm64"]
checksum = "sha256:5f2db09dae91fca848f7adbdd014632e921a383863a2ad7e0450ad3aba0c6489"
url = "https://github.com/mvdan/sh/releases/download/v3.14.1/shfmt_v3.14.1_linux_arm64"
url_api = "https://api.github.com/repos/mvdan/sh/releases/assets/547320869"

[tools.shfmt."platforms.linux-arm64-musl"]
checksum = "sha256:5f2db09dae91fca848f7adbdd014632e921a383863a2ad7e0450ad3aba0c6489"
url = "https://github.com/mvdan/sh/releases/download/v3.14.1/shfmt_v3.14.1_linux_arm64"
url_api = "https://api.github.com/repos/mvdan/sh/releases/assets/547320869"

[tools.shfmt."platforms.linux-x64"]
checksum = "sha256:76e77641faa025814b77f153b29796b8e6fa2fca03e0c76a691608b86c7ea7bf"
url = "https://github.com/mvdan/sh/releases/download/v3.14.1/shfmt_v3.14.1_linux_amd64"
url_api = "https://api.github.com/repos/mvdan/sh/releases/assets/547320883"

[tools.shfmt."platforms.linux-x64-musl"]
checksum = "sha256:76e77641faa025814b77f153b29796b8e6fa2fca03e0c76a691608b86c7ea7bf"
url = "https://github.com/mvdan/sh/releases/download/v3.14.1/shfmt_v3.14.1_linux_amd64"
url_api = "https://api.github.com/repos/mvdan/sh/releases/assets/547320883"

[tools.shfmt."platforms.macos-arm64"]
checksum = "sha256:b7c872db63553ccffc7253aba3ed7d4885a27d83f1ba567b1138c6315a5847e5"
url = "https://github.com/mvdan/sh/releases/download/v3.14.1/shfmt_v3.14.1_darwin_arm64"
url_api = "https://api.github.com/repos/mvdan/sh/releases/assets/547320930"

[tools.shfmt."platforms.macos-x64"]
checksum = "sha256:d33eee0da0f92835b3562e9767a05cee7e4eaeef47daa03bfd09da17b4b590a6"
url = "https://github.com/mvdan/sh/releases/download/v3.14.1/shfmt_v3.14.1_darwin_amd64"
url_api = "https://api.github.com/repos/mvdan/sh/releases/assets/547320946"

[tools.shfmt."platforms.windows-x64"]
checksum = "sha256:13629ce28442ca80b6b5a819f7574ab39e1c28c6e26734ca816c9714e04851df"
url = "https://github.com/mvdan/sh/releases/download/v3.14.1/shfmt_v3.14.1_windows_amd64.exe"
url_api = "https://api.github.com/repos/mvdan/sh/releases/assets/547320827"

[[tools.tombi]]
version = "1.5.8"
backend = "aqua:tombi-toml/tombi"
specifiers = ["latest"]

[tools.tombi."platforms.linux-arm64"]
checksum = "sha256:9785f7516026ac90a83bd55c6e2f0096b27d1a04bc5b8812b2501122136e5a16"
url = "https://github.com/tombi-toml/tombi/releases/download/v1.5.8/tombi-cli-1.5.8-aarch64-unknown-linux-musl.tar.gz"
url_api = "https://api.github.com/repos/tombi-toml/tombi/releases/assets/594417418"
provenance = "github-attestations"

[tools.tombi."platforms.linux-arm64-musl"]
checksum = "sha256:9785f7516026ac90a83bd55c6e2f0096b27d1a04bc5b8812b2501122136e5a16"
url = "https://github.com/tombi-toml/tombi/releases/download/v1.5.8/tombi-cli-1.5.8-aarch64-unknown-linux-musl.tar.gz"
url_api = "https://api.github.com/repos/tombi-toml/tombi/releases/assets/594417418"
provenance = "github-attestations"

[tools.tombi."platforms.linux-x64"]
checksum = "sha256:4cb72901494b79e13db09bba44ea15fb0f7ddf40b2ff5d0aa0b83e5a1e17a51d"
url = "https://github.com/tombi-toml/tombi/releases/download/v1.5.8/tombi-cli-1.5.8-x86_64-unknown-linux-musl.tar.gz"
url_api = "https://api.github.com/repos/tombi-toml/tombi/releases/assets/594417472"
provenance = "github-attestations"

[tools.tombi."platforms.linux-x64-musl"]
checksum = "sha256:4cb72901494b79e13db09bba44ea15fb0f7ddf40b2ff5d0aa0b83e5a1e17a51d"
url = "https://github.com/tombi-toml/tombi/releases/download/v1.5.8/tombi-cli-1.5.8-x86_64-unknown-linux-musl.tar.gz"
url_api = "https://api.github.com/repos/tombi-toml/tombi/releases/assets/594417472"
provenance = "github-attestations"

[tools.tombi."platforms.macos-arm64"]
checksum = "sha256:68261057cb8c3d1e0d675fb713ebd765b8a37cb03c2e5e11a3a2ad0e7b1fb270"
url = "https://github.com/tombi-toml/tombi/releases/download/v1.5.8/tombi-cli-1.5.8-aarch64-apple-darwin.tar.gz"
url_api = "https://api.github.com/repos/tombi-toml/tombi/releases/assets/594417417"
provenance = "github-attestations"

[tools.tombi."platforms.macos-x64"]
checksum = "sha256:8f2bdef0d767dc096c92ca26705934792d6b456df29669d41e10978b51e11574"
url = "https://github.com/tombi-toml/tombi/releases/download/v1.5.8/tombi-cli-1.5.8-x86_64-apple-darwin.tar.gz"
url_api = "https://api.github.com/repos/tombi-toml/tombi/releases/assets/594417420"
provenance = "github-attestations"

[tools.tombi."platforms.windows-x64"]
checksum = "sha256:cd123e9dee675458f541365e5f30bba313f8a8daf648760bdaa00caece19822f"
url = "https://github.com/tombi-toml/tombi/releases/download/v1.5.8/tombi-cli-1.5.8-x86_64-pc-windows-msvc.zip"
url_api = "https://api.github.com/repos/tombi-toml/tombi/releases/assets/594417461"
provenance = "github-attestations"

[[tools.typos]]
version = "1.50.3"
backend = "aqua:crate-ci/typos"
specifiers = ["latest"]

[tools.typos."platforms.linux-arm64"]
checksum = "sha256:456f9fe7aa6e7c1597879f5e951d7de2fab261a9ca05f16f324f896c806c55db"
url = "https://github.com/crate-ci/typos/releases/download/v1.50.3/typos-v1.50.3-aarch64-unknown-linux-musl.tar.gz"
url_api = "https://api.github.com/repos/crate-ci/typos/releases/assets/588999780"

[tools.typos."platforms.linux-arm64-musl"]
checksum = "sha256:456f9fe7aa6e7c1597879f5e951d7de2fab261a9ca05f16f324f896c806c55db"
url = "https://github.com/crate-ci/typos/releases/download/v1.50.3/typos-v1.50.3-aarch64-unknown-linux-musl.tar.gz"
url_api = "https://api.github.com/repos/crate-ci/typos/releases/assets/588999780"

[tools.typos."platforms.linux-x64"]
checksum = "sha256:aca6b5d546307092b8d0a8e0a89dd80f9da51f2f7617c5e45c5607c1684ffbf2"
url = "https://github.com/crate-ci/typos/releases/download/v1.50.3/typos-v1.50.3-x86_64-unknown-linux-musl.tar.gz"
url_api = "https://api.github.com/repos/crate-ci/typos/releases/assets/589000924"

[tools.typos."platforms.linux-x64-musl"]
checksum = "sha256:aca6b5d546307092b8d0a8e0a89dd80f9da51f2f7617c5e45c5607c1684ffbf2"
url = "https://github.com/crate-ci/typos/releases/download/v1.50.3/typos-v1.50.3-x86_64-unknown-linux-musl.tar.gz"
url_api = "https://api.github.com/repos/crate-ci/typos/releases/assets/589000924"

[tools.typos."platforms.macos-arm64"]
checksum = "sha256:844d4121fb47a95604aa5566843bb9e3d6078040b3c8f22367709f563038f2c5"
url = "https://github.com/crate-ci/typos/releases/download/v1.50.3/typos-v1.50.3-aarch64-apple-darwin.tar.gz"
url_api = "https://api.github.com/repos/crate-ci/typos/releases/assets/589002568"

[tools.typos."platforms.macos-x64"]
checksum = "sha256:7cc75e42fff1e3b66928de325b3ea1ec7e23ce35ffaa3561fdb0ede8e7275f6f"
url = "https://github.com/crate-ci/typos/releases/download/v1.50.3/typos-v1.50.3-x86_64-apple-darwin.tar.gz"
url_api = "https://api.github.com/repos/crate-ci/typos/releases/assets/589006772"

[tools.typos."platforms.windows-x64"]
checksum = "sha256:b59f149d84e86aab535d52db029fa8d3ac5ecba9ae5c7f19cf07acb5aa0caaaf"
url = "https://github.com/crate-ci/typos/releases/download/v1.50.3/typos-v1.50.3-x86_64-pc-windows-msvc.zip"
url_api = "https://api.github.com/repos/crate-ci/typos/releases/assets/589001623"

[[tools.usage]]
version = "6.12.0"
backend = "packslip:github.com/jdx/usage"
specifiers = ["latest"]

[tools.usage."platforms.linux-arm64"]
checksum = "sha256:6e9be5caa7dc8a484fc488cf5ed6fcde5d2b3271943ccc039e0c08041a8f8bf8"
url = "https://github.com/jdx/usage/releases/download/v6.12.0/usage-aarch64-unknown-linux-gnu.tar.gz"
signer = "sigstore-oidc:https://github.com/jdx/usage/.github/workflows/publish-cli.yml"

[tools.usage."platforms.linux-arm64-musl"]
checksum = "sha256:28729924e46bfad1112a7ec35003cdf074d2686346ddaa2d0f4206c1f66a2827"
url = "https://github.com/jdx/usage/releases/download/v6.12.0/usage-aarch64-unknown-linux-musl.tar.gz"
signer = "sigstore-oidc:https://github.com/jdx/usage/.github/workflows/publish-cli.yml"

[tools.usage."platforms.linux-x64"]
checksum = "sha256:c82b39ca9c64e3256284667ca8ddd4c27b7141d842ba054a645ee73d6ab99b17"
url = "https://github.com/jdx/usage/releases/download/v6.12.0/usage-x86_64-unknown-linux-gnu.tar.gz"
signer = "sigstore-oidc:https://github.com/jdx/usage/.github/workflows/publish-cli.yml"

[tools.usage."platforms.linux-x64-musl"]
checksum = "sha256:5cab69ffacde3f700bd74095f89a4879cea591a8c0656f3104786ed1d0df218a"
url = "https://github.com/jdx/usage/releases/download/v6.12.0/usage-x86_64-unknown-linux-musl.tar.gz"
signer = "sigstore-oidc:https://github.com/jdx/usage/.github/workflows/publish-cli.yml"

[tools.usage."platforms.macos-arm64"]
checksum = "sha256:1e43be745db2fd81259e2b0e68d689d7f55b93da815f452c2154710f6de6ec52"
url = "https://github.com/jdx/usage/releases/download/v6.12.0/usage-universal-apple-darwin.tar.gz"
signer = "sigstore-oidc:https://github.com/jdx/usage/.github/workflows/publish-cli.yml"

[tools.usage."platforms.macos-x64"]
checksum = "sha256:1e43be745db2fd81259e2b0e68d689d7f55b93da815f452c2154710f6de6ec52"
url = "https://github.com/jdx/usage/releases/download/v6.12.0/usage-universal-apple-darwin.tar.gz"
signer = "sigstore-oidc:https://github.com/jdx/usage/.github/workflows/publish-cli.yml"

[tools.usage."platforms.windows-x64"]
checksum = "sha256:bc9e362fd5169a9a13eb943963c905bb60f3fd2bd1076336c2beb2878209bc24"
url = "https://github.com/jdx/usage/releases/download/v6.12.0/usage-x86_64-pc-windows-msvc.zip"
signer = "sigstore-oidc:https://github.com/jdx/usage/.github/workflows/publish-cli.yml"

[[tools.zizmor]]
version = "1.30.1"
backend = "aqua:zizmorcore/zizmor"
specifiers = ["latest"]

[tools.zizmor."platforms.linux-arm64"]
checksum = "sha256:7ff1dce33bdd18fd2a4affe63bdd47efcccca97b2cec1c1863ec26e9e2647540"
url = "https://github.com/zizmorcore/zizmor/releases/download/v1.30.1/zizmor-aarch64-unknown-linux-gnu.tar.gz"
url_api = "https://api.github.com/repos/zizmorcore/zizmor/releases/assets/552067643"
provenance = "github-attestations"

[tools.zizmor."platforms.linux-arm64-musl"]
provenance = "github-attestations"

[tools.zizmor."platforms.linux-x64"]
checksum = "sha256:e65324f4430c2717591937edcec90ccbefaf14c174f8ec9415e03ca875b46e1a"
url = "https://github.com/zizmorcore/zizmor/releases/download/v1.30.1/zizmor-x86_64-unknown-linux-gnu.tar.gz"
url_api = "https://api.github.com/repos/zizmorcore/zizmor/releases/assets/552067642"
provenance = "github-attestations"

[tools.zizmor."platforms.linux-x64-musl"]
provenance = "github-attestations"

[tools.zizmor."platforms.macos-arm64"]
checksum = "sha256:e28d22b087f9ebb8d99da6e740d348c930f559961c7c3f12badda54f882195a2"
url = "https://github.com/zizmorcore/zizmor/releases/download/v1.30.1/zizmor-aarch64-apple-darwin.tar.gz"
url_api = "https://api.github.com/repos/zizmorcore/zizmor/releases/assets/552067640"
provenance = "github-attestations"

[tools.zizmor."platforms.macos-x64"]
checksum = "sha256:10e6b18b11ea07e515a16f0f0518c7b07527bc9977c1fd5698181ce7f3554202"
url = "https://github.com/zizmorcore/zizmor/releases/download/v1.30.1/zizmor-x86_64-apple-darwin.tar.gz"
url_api = "https://api.github.com/repos/zizmorcore/zizmor/releases/assets/552067641"
provenance = "github-attestations"

[tools.zizmor."platforms.windows-x64"]
checksum = "sha256:b183b1e996eddfab9659f1e9b46e059f1ef1cf984a1f14e5da09f7876a4b3a1c"
url = "https://github.com/zizmorcore/zizmor/releases/download/v1.30.1/zizmor-x86_64-pc-windows-msvc.zip"
url_api = "https://api.github.com/repos/zizmorcore/zizmor/releases/assets/552067645"
provenance = "github-attestations"
